// !$*UTF8*$!
{
	archiveVersion = 1;
	classes = {
	};
	objectVersion = 56;
	objects = {

/* Begin PBXBuildFile section */
		794732FF2B46400D001C3FEB /* musubi_iOSApp.swift in Sources */ = {isa = PBXBuildFile; fileRef = 794732FE2B46400D001C3FEB /* musubi_iOSApp.swift */; };
		794733012B46400D001C3FEB /* ContentView.swift in Sources */ = {isa = PBXBuildFile; fileRef = 794733002B46400D001C3FEB /* ContentView.swift */; };
		794733032B46400E001C3FEB /* Assets.xcassets in Resources */ = {isa = PBXBuildFile; fileRef = 794733022B46400E001C3FEB /* Assets.xcassets */; };
		794733062B46400E001C3FEB /* Preview Assets.xcassets in Resources */ = {isa = PBXBuildFile; fileRef = 794733052B46400E001C3FEB /* Preview Assets.xcassets */; };
		794733102B46400E001C3FEB /* musubi_iOSTests.swift in Sources */ = {isa = PBXBuildFile; fileRef = 7947330F2B46400E001C3FEB /* musubi_iOSTests.swift */; };
		7947331A2B46400E001C3FEB /* musubi_iOSUITests.swift in Sources */ = {isa = PBXBuildFile; fileRef = 794733192B46400E001C3FEB /* musubi_iOSUITests.swift */; };
		7947331C2B46400E001C3FEB /* musubi_iOSUITestsLaunchTests.swift in Sources */ = {isa = PBXBuildFile; fileRef = 7947331B2B46400E001C3FEB /* musubi_iOSUITestsLaunchTests.swift */; };
/* End PBXBuildFile section */

/* Begin PBXContainerItemProxy section */
		7947330C2B46400E001C3FEB /* PBXContainerItemProxy */ = {
			isa = PBXContainerItemProxy;
			containerPortal = 794732F32B46400C001C3FEB /* Project object */;
			proxyType = 1;
			remoteGlobalIDString = 794732FA2B46400D001C3FEB;
			remoteInfo = "musubi-iOS";
		};
		794733162B46400E001C3FEB /* PBXContainerItemProxy */ = {
			isa = PBXContainerItemProxy;
			containerPortal = 794732F32B46400C001C3FEB /* Project object */;
			proxyType = 1;
			remoteGlobalIDString = 794732FA2B46400D001C3FEB;
			remoteInfo = "musubi-iOS";
		};
/* End PBXContainerItemProxy section */

/* Begin PBXFileReference section */
		794732FB2B46400D001C3FEB /* musubi-iOS.app */ = {isa = PBXFileReference; explicitFileType = wrapper.application; includeInIndex = 0; path = "musubi-iOS.app"; sourceTree = BUILT_PRODUCTS_DIR; };
		794732FE2B46400D001C3FEB /* musubi_iOSApp.swift */ = {isa = PBXFileReference; lastKnownFileType = sourcecode.swift; path = musubi_iOSApp.swift; sourceTree = "<group>"; };
		794733002B46400D001C3FEB /* ContentView.swift */ = {isa = PBXFileReference; lastKnownFileType = sourcecode.swift; path = ContentView.swift; sourceTree = "<group>"; };
		794733022B46400E001C3FEB /* Assets.xcassets */ = {isa = PBXFileReference; lastKnownFileType = folder.assetcatalog; path = Assets.xcassets; sourceTree = "<group>"; };
		794733052B46400E001C3FEB /* Preview Assets.xcassets */ = {isa = PBXFileReference; lastKnownFileType = folder.assetcatalog; path = "Preview Assets.xcassets"; sourceTree = "<group>"; };
		7947330B2B46400E001C3FEB /* musubi-iOSTests.xctest */ = {isa = PBXFileReference; explicitFileType = wrapper.cfbundle; includeInIndex = 0; path = "musubi-iOSTests.xctest"; sourceTree = BUILT_PRODUCTS_DIR; };
		7947330F2B46400E001C3FEB /* musubi_iOSTests.swift */ = {isa = PBXFileReference; lastKnownFileType = sourcecode.swift; path = musubi_iOSTests.swift; sourceTree = "<group>"; };
		794733152B46400E001C3FEB /* musubi-iOSUITests.xctest */ = {isa = PBXFileReference; explicitFileType = wrapper.cfbundle; includeInIndex = 0; path = "musubi-iOSUITests.xctest"; sourceTree = BUILT_PRODUCTS_DIR; };
		794733192B46400E001C3FEB /* musubi_iOSUITests.swift */ = {isa = PBXFileReference; lastKnownFileType = sourcecode.swift; path = musubi_iOSUITests.swift; sourceTree = "<group>"; };
		7947331B2B46400E001C3FEB /* musubi_iOSUITestsLaunchTests.swift */ = {isa = PBXFileReference; lastKnownFileType = sourcecode.swift; path = musubi_iOSUITestsLaunchTests.swift; sourceTree = "<group>"; };
/* End PBXFileReference section */

/* Begin PBXFrameworksBuildPhase section */
		794732F82B46400D001C3FEB /* Frameworks */ = {
			isa = PBXFrameworksBuildPhase;
			buildActionMask = 2147483647;
			files = (
			);
			runOnlyForDeploymentPostprocessing = 0;
		};
		794733082B46400E001C3FEB /* Frameworks */ = {
			isa = PBXFrameworksBuildPhase;
			buildActionMask = 2147483647;
			files = (
			);
			runOnlyForDeploymentPostprocessing = 0;
		};
		794733122B46400E001C3FEB /* Frameworks */ = {
			isa = PBXFrameworksBuildPhase;
			buildActionMask = 2147483647;
			files = (
			);
			runOnlyForDeploymentPostprocessing = 0;
		};
/* End PBXFrameworksBuildPhase section */

/* Begin PBXGroup section */
		794732F22B46400C001C3FEB = {
			isa = PBXGroup;
			children = (
				794732FD2B46400D001C3FEB /* musubi-iOS */,
				7947330E2B46400E001C3FEB /* musubi-iOSTests */,
				794733182B46400E001C3FEB /* musubi-iOSUITests */,
				794732FC2B46400D001C3FEB /* Products */,
			);
			sourceTree = "<group>";
		};
		794732FC2B46400D001C3FEB /* Products */ = {
			isa = PBXGroup;
			children = (
				794732FB2B46400D001C3FEB /* musubi-iOS.app */,
				7947330B2B46400E001C3FEB /* musubi-iOSTests.xctest */,
				794733152B46400E001C3FEB /* musubi-iOSUITests.xctest */,
			);
			name = Products;
			sourceTree = "<group>";
		};
		794732FD2B46400D001C3FEB /* musubi-iOS */ = {
			isa = PBXGroup;
			children = (
				794732FE2B46400D001C3FEB /* musubi_iOSApp.swift */,
				794733002B46400D001C3FEB /* ContentView.swift */,
				794733022B46400E001C3FEB /* Assets.xcassets */,
				794733042B46400E001C3FEB /* Preview Content */,
			);
			path = "musubi-iOS";
			sourceTree = "<group>";
		};
		794733042B46400E001C3FEB /* Preview Content */ = {
			isa = PBXGroup;
			children = (
				794733052B46400E001C3FEB /* Preview Assets.xcassets */,
			);
			path = "Preview Content";
			sourceTree = "<group>";
		};
		7947330E2B46400E001C3FEB /* musubi-iOSTests */ = {
			isa = PBXGroup;
			children = (
				7947330F2B46400E001C3FEB /* musubi_iOSTests.swift */,
			);
			path = "musubi-iOSTests";
			sourceTree = "<group>";
		};
		794733182B46400E001C3FEB /* musubi-iOSUITests */ = {
			isa = PBXGroup;
			children = (
				794733192B46400E001C3FEB /* musubi_iOSUITests.swift */,
				7947331B2B46400E001C3FEB /* musubi_iOSUITestsLaunchTests.swift */,
			);
			path = "musubi-iOSUITests";
			sourceTree = "<group>";
		};
/* End PBXGroup section */

/* Begin PBXNativeTarget section */
		794732FA2B46400D001C3FEB /* musubi-iOS */ = {
			isa = PBXNativeTarget;
			buildConfigurationList = 7947331F2B46400E001C3FEB /* Build configuration list for PBXNativeTarget "musubi-iOS" */;
			buildPhases = (
				794732F72B46400D001C3FEB /* Sources */,
				794732F82B46400D001C3FEB /* Frameworks */,
				794732F92B46400D001C3FEB /* Resources */,
			);
			buildRules = (
			);
			dependencies = (
			);
			name = "musubi-iOS";
			productName = "musubi-iOS";
			productReference = 794732FB2B46400D001C3FEB /* musubi-iOS.app */;
			productType = "com.apple.product-type.application";
		};
		7947330A2B46400E001C3FEB /* musubi-iOSTests */ = {
			isa = PBXNativeTarget;
			buildConfigurationList = 794733222B46400E001C3FEB /* Build configuration list for PBXNativeTarget "musubi-iOSTests" */;
			buildPhases = (
				794733072B46400E001C3FEB /* Sources */,
				794733082B46400E001C3FEB /* Frameworks */,
				794733092B46400E001C3FEB /* Resources */,
			);
			buildRules = (
			);
			dependencies = (
				7947330D2B46400E001C3FEB /* PBXTargetDependency */,
			);
			name = "musubi-iOSTests";
			productName = "musubi-iOSTests";
			productReference = 7947330B2B46400E001C3FEB /* musubi-iOSTests.xctest */;
			productType = "com.apple.product-type.bundle.unit-test";
		};
		794733142B46400E001C3FEB /* musubi-iOSUITests */ = {
			isa = PBXNativeTarget;
			buildConfigurationList = 794733252B46400E001C3FEB /* Build configuration list for PBXNativeTarget "musubi-iOSUITests" */;
			buildPhases = (
				794733112B46400E001C3FEB /* Sources */,
				794733122B46400E001C3FEB /* Frameworks */,
				794733132B46400E001C3FEB /* Resources */,
			);
			buildRules = (
			);
			dependencies = (
				794733172B46400E001C3FEB /* PBXTargetDependency */,
			);
			name = "musubi-iOSUITests";
			productName = "musubi-iOSUITests";
			productReference = 794733152B46400E001C3FEB /* musubi-iOSUITests.xctest */;
			productType = "com.apple.product-type.bundle.ui-testing";
		};
/* End PBXNativeTarget section */

/* Begin PBXProject section */
		794732F32B46400C001C3FEB /* Project object */ = {
			isa = PBXProject;
			attributes = {
				BuildIndependentTargetsInParallel = 1;
				LastSwiftUpdateCheck = 1510;
				LastUpgradeCheck = 1510;
				TargetAttributes = {
					794732FA2B46400D001C3FEB = {
						CreatedOnToolsVersion = 15.1;
					};
					7947330A2B46400E001C3FEB = {
						CreatedOnToolsVersion = 15.1;
						TestTargetID = 794732FA2B46400D001C3FEB;
					};
					794733142B46400E001C3FEB = {
						CreatedOnToolsVersion = 15.1;
						TestTargetID = 794732FA2B46400D001C3FEB;
					};
				};
			};
			buildConfigurationList = 794732F62B46400C001C3FEB /* Build configuration list for PBXProject "musubi-iOS" */;
			compatibilityVersion = "Xcode 14.0";
			developmentRegion = en;
			hasScannedForEncodings = 0;
			knownRegions = (
				en,
				Base,
			);
			mainGroup = 794732F22B46400C001C3FEB;
			productRefGroup = 794732FC2B46400D001C3FEB /* Products */;
			projectDirPath = "";
			projectRoot = "";
			targets = (
				794732FA2B46400D001C3FEB /* musubi-iOS */,
				7947330A2B46400E001C3FEB /* musubi-iOSTests */,
				794733142B46400E001C3FEB /* musubi-iOSUITests */,
			);
		};
/* End PBXProject section */

/* Begin PBXResourcesBuildPhase section */
		794732F92B46400D001C3FEB /* Resources */ = {
			isa = PBXResourcesBuildPhase;
			buildActionMask = 2147483647;
			files = (
				794733062B46400E001C3FEB /* Preview Assets.xcassets in Resources */,
				794733032B46400E001C3FEB /* Assets.xcassets in Resources */,
			);
			runOnlyForDeploymentPostprocessing = 0;
		};
		794733092B46400E001C3FEB /* Resources */ = {
			isa = PBXResourcesBuildPhase;
			buildActionMask = 2147483647;
			files = (
			);
			runOnlyForDeploymentPostprocessing = 0;
		};
		794733132B46400E001C3FEB /* Resources */ = {
			isa = PBXResourcesBuildPhase;
			buildActionMask = 2147483647;
			files = (
			);
			runOnlyForDeploymentPostprocessing = 0;
		};
/* End PBXResourcesBuildPhase section */

/* Begin PBXSourcesBuildPhase section */
		794732F72B46400D001C3FEB /* Sources */ = {
			isa = PBXSourcesBuildPhase;
			buildActionMask = 2147483647;
			files = (
				794733012B46400D001C3FEB /* ContentView.swift in Sources */,
				794732FF2B46400D001C3FEB /* musubi_iOSApp.swift in Sources */,
			);
			runOnlyForDeploymentPostprocessing = 0;
		};
		794733072B46400E001C3FEB /* Sources */ = {
			isa = PBXSourcesBuildPhase;
			buildActionMask = 2147483647;
			files = (
				794733102B46400E001C3FEB /* musubi_iOSTests.swift in Sources */,
			);
			runOnlyForDeploymentPostprocessing = 0;
		};
		794733112B46400E001C3FEB /* Sources */ = {
			isa = PBXSourcesBuildPhase;
			buildActionMask = 2147483647;
			files = (
				7947331A2B46400E001C3FEB /* musubi_iOSUITests.swift in Sources */,
				7947331C2B46400E001C3FEB /* musubi_iOSUITestsLaunchTests.swift in Sources */,
			);
			runOnlyForDeploymentPostprocessing = 0;
		};
/* End PBXSourcesBuildPhase section */

/* Begin PBXTargetDependency section */
		7947330D2B46400E001C3FEB /* PBXTargetDependency */ = {
			isa = PBXTargetDependency;
			target = 794732FA2B46400D001C3FEB /* musubi-iOS */;
			targetProxy = 7947330C2B46400E001C3FEB /* PBXContainerItemProxy */;
		};
		794733172B46400E001C3FEB /* PBXTargetDependency */ = {
			isa = PBXTargetDependency;
			target = 794732FA2B46400D001C3FEB /* musubi-iOS */;
			targetProxy = 794733162B46400E001C3FEB /* PBXContainerItemProxy */;
		};
/* End PBXTargetDependency section */

/* Begin XCBuildConfiguration section */
		7947331D2B46400E001C3FEB /* Debug */ = {
			isa = XCBuildConfiguration;
			buildSettings = {
				ALWAYS_SEARCH_USER_PATHS = NO;
				ASSETCATALOG_COMPILER_GENERATE_SWIFT_ASSET_SYMBOL_EXTENSIONS = YES;
				CLANG_ANALYZER_NONNULL = YES;
				CLANG_ANALYZER_NUMBER_OBJECT_CONVERSION = YES_AGGRESSIVE;
				CLANG_CXX_LANGUAGE_STANDARD = "gnu++20";
				CLANG_ENABLE_MODULES = YES;
				CLANG_ENABLE_OBJC_ARC = YES;
				CLANG_ENABLE_OBJC_WEAK = YES;
				CLANG_WARN_BLOCK_CAPTURE_AUTORELEASING = YES;
				CLANG_WARN_BOOL_CONVERSION = YES;
				CLANG_WARN_COMMA = YES;
				CLANG_WARN_CONSTANT_CONVERSION = YES;
				CLANG_WARN_DEPRECATED_OBJC_IMPLEMENTATIONS = YES;
				CLANG_WARN_DIRECT_OBJC_ISA_USAGE = YES_ERROR;
				CLANG_WARN_DOCUMENTATION_COMMENTS = YES;
				CLANG_WARN_EMPTY_BODY = YES;
				CLANG_WARN_ENUM_CONVERSION = YES;
				CLANG_WARN_INFINITE_RECURSION = YES;
				CLANG_WARN_INT_CONVERSION = YES;
				CLANG_WARN_NON_LITERAL_NULL_CONVERSION = YES;
				CLANG_WARN_OBJC_IMPLICIT_RETAIN_SELF = YES;
				CLANG_WARN_OBJC_LITERAL_CONVERSION = YES;
				CLANG_WARN_OBJC_ROOT_CLASS = YES_ERROR;
				CLANG_WARN_QUOTED_INCLUDE_IN_FRAMEWORK_HEADER = YES;
				CLANG_WARN_RANGE_LOOP_ANALYSIS = YES;
				CLANG_WARN_STRICT_PROTOTYPES = YES;
				CLANG_WARN_SUSPICIOUS_MOVE = YES;
				CLANG_WARN_UNGUARDED_AVAILABILITY = YES_AGGRESSIVE;
				CLANG_WARN_UNREACHABLE_CODE = YES;
				CLANG_WARN__DUPLICATE_METHOD_MATCH = YES;
				COPY_PHASE_STRIP = NO;
				DEBUG_INFORMATION_FORMAT = dwarf;
				ENABLE_STRICT_OBJC_MSGSEND = YES;
				ENABLE_TESTABILITY = YES;
				ENABLE_USER_SCRIPT_SANDBOXING = YES;
				GCC_C_LANGUAGE_STANDARD = gnu17;
				GCC_DYNAMIC_NO_PIC = NO;
				GCC_NO_COMMON_BLOCKS = YES;
				GCC_OPTIMIZATION_LEVEL = 0;
				GCC_PREPROCESSOR_DEFINITIONS = (
					"DEBUG=1",
					"$(inherited)",
				);
				GCC_WARN_64_TO_32_BIT_CONVERSION = YES;
				GCC_WARN_ABOUT_RETURN_TYPE = YES_ERROR;
				GCC_WARN_UNDECLARED_SELECTOR = YES;
				GCC_WARN_UNINITIALIZED_AUTOS = YES_AGGRESSIVE;
				GCC_WARN_UNUSED_FUNCTION = YES;
				GCC_WARN_UNUSED_VARIABLE = YES;
				IPHONEOS_DEPLOYMENT_TARGET = 17.2;
				LOCALIZATION_PREFERS_STRING_CATALOGS = YES;
				MTL_ENABLE_DEBUG_INFO = INCLUDE_SOURCE;
				MTL_FAST_MATH = YES;
				ONLY_ACTIVE_ARCH = YES;
				SDKROOT = iphoneos;
				SWIFT_ACTIVE_COMPILATION_CONDITIONS = "DEBUG $(inherited)";
				SWIFT_OPTIMIZATION_LEVEL = "-Onone";
			};
			name = Debug;
		};
		7947331E2B46400E001C3FEB /* Release */ = {
			isa = XCBuildConfiguration;
			buildSettings = {
				ALWAYS_SEARCH_USER_PATHS = NO;
				ASSETCATALOG_COMPILER_GENERATE_SWIFT_ASSET_SYMBOL_EXTENSIONS = YES;
				CLANG_ANALYZER_NONNULL = YES;
				CLANG_ANALYZER_NUMBER_OBJECT_CONVERSION = YES_AGGRESSIVE;
				CLANG_CXX_LANGUAGE_STANDARD = "gnu++20";
				CLANG_ENABLE_MODULES = YES;
				CLANG_ENABLE_OBJC_ARC = YES;
				CLANG_ENABLE_OBJC_WEAK = YES;
				CLANG_WARN_BLOCK_CAPTURE_AUTORELEASING = YES;
				CLANG_WARN_BOOL_CONVERSION = YES;
				CLANG_WARN_COMMA = YES;
				CLANG_WARN_CONSTANT_CONVERSION = YES;
				CLANG_WARN_DEPRECATED_OBJC_IMPLEMENTATIONS = YES;
				CLANG_WARN_DIRECT_OBJC_ISA_USAGE = YES_ERROR;
				CLANG_WARN_DOCUMENTATION_COMMENTS = YES;
				CLANG_WARN_EMPTY_BODY = YES;
				CLANG_WARN_ENUM_CONVERSION = YES;
				CLANG_WARN_INFINITE_RECURSION = YES;
				CLANG_WARN_INT_CONVERSION = YES;
				CLANG_WARN_NON_LITERAL_NULL_CONVERSION = YES;
				CLANG_WARN_OBJC_IMPLICIT_RETAIN_SELF = YES;
				CLANG_WARN_OBJC_LITERAL_CONVERSION = YES;
				CLANG_WARN_OBJC_ROOT_CLASS = YES_ERROR;
				CLANG_WARN_QUOTED_INCLUDE_IN_FRAMEWORK_HEADER = YES;
				CLANG_WARN_RANGE_LOOP_ANALYSIS = YES;
				CLANG_WARN_STRICT_PROTOTYPES = YES;
				CLANG_WARN_SUSPICIOUS_MOVE = YES;
				CLANG_WARN_UNGUARDED_AVAILABILITY = YES_AGGRESSIVE;
				CLANG_WARN_UNREACHABLE_CODE = YES;
				CLANG_WARN__DUPLICATE_METHOD_MATCH = YES;
				COPY_PHASE_STRIP = NO;
				DEBUG_INFORMATION_FORMAT = "dwarf-with-dsym";
				ENABLE_NS_ASSERTIONS = NO;
				ENABLE_STRICT_OBJC_MSGSEND = YES;
				ENABLE_USER_SCRIPT_SANDBOXING = YES;
				GCC_C_LANGUAGE_STANDARD = gnu17;
				GCC_NO_COMMON_BLOCKS = YES;
				GCC_WARN_64_TO_32_BIT_CONVERSION = YES;
				GCC_WARN_ABOUT_RETURN_TYPE = YES_ERROR;
				GCC_WARN_UNDECLARED_SELECTOR = YES;
				GCC_WARN_UNINITIALIZED_AUTOS = YES_AGGRESSIVE;
				GCC_WARN_UNUSED_FUNCTION = YES;
				GCC_WARN_UNUSED_VARIABLE = YES;
				IPHONEOS_DEPLOYMENT_TARGET = 17.2;
				LOCALIZATION_PREFERS_STRING_CATALOGS = YES;
				MTL_ENABLE_DEBUG_INFO = NO;
				MTL_FAST_MATH = YES;
				SDKROOT = iphoneos;
				SWIFT_COMPILATION_MODE = wholemodule;
				VALIDATE_PRODUCT = YES;
			};
			name = Release;
		};
		794733202B46400E001C3FEB /* Debug */ = {
			isa = XCBuildConfiguration;
			buildSettings = {
				ASSETCATALOG_COMPILER_APPICON_NAME = AppIcon;
				ASSETCATALOG_COMPILER_GLOBAL_ACCENT_COLOR_NAME = AccentColor;
				CODE_SIGN_STYLE = Automatic;
				CURRENT_PROJECT_VERSION = 1;
				DEVELOPMENT_ASSET_PATHS = "\"musubi-iOS/Preview Content\"";
				DEVELOPMENT_TEAM = 7763V93L7Z;
				ENABLE_PREVIEWS = YES;
				GENERATE_INFOPLIST_FILE = YES;
				INFOPLIST_KEY_UIApplicationSceneManifest_Generation = YES;
				INFOPLIST_KEY_UIApplicationSupportsIndirectInputEvents = YES;
				INFOPLIST_KEY_UILaunchScreen_Generation = YES;
				INFOPLIST_KEY_UISupportedInterfaceOrientations_iPad = "UIInterfaceOrientationPortrait UIInterfaceOrientationPortraitUpsideDown UIInterfaceOrientationLandscapeLeft UIInterfaceOrientationLandscapeRight";
				INFOPLIST_KEY_UISupportedInterfaceOrientations_iPhone = "UIInterfaceOrientationPortrait UIInterfaceOrientationLandscapeLeft UIInterfaceOrientationLandscapeRight";
				LD_RUNPATH_SEARCH_PATHS = (
					"$(inherited)",
					"@executable_path/Frameworks",
				);
				MARKETING_VERSION = 1.0;
				PRODUCT_BUNDLE_IDENTIFIER = "com.springwell.musubi-iOS";
				PRODUCT_NAME = "$(TARGET_NAME)";
				SWIFT_EMIT_LOC_STRINGS = YES;
				SWIFT_VERSION = 5.0;
				TARGETED_DEVICE_FAMILY = "1,2";
			};
			name = Debug;
		};
		794733212B46400E001C3FEB /* Release */ = {
			isa = XCBuildConfiguration;
			buildSettings = {
				ASSETCATALOG_COMPILER_APPICON_NAME = AppIcon;
				ASSETCATALOG_COMPILER_GLOBAL_ACCENT_COLOR_NAME = AccentColor;
				CODE_SIGN_STYLE = Automatic;
				CURRENT_PROJECT_VERSION = 1;
				DEVELOPMENT_ASSET_PATHS = "\"musubi-iOS/Preview Content\"";
				DEVELOPMENT_TEAM = 7763V93L7Z;
				ENABLE_PREVIEWS = YES;
				GENERATE_INFOPLIST_FILE = YES;
				INFOPLIST_KEY_UIApplicationSceneManifest_Generation = YES;
				INFOPLIST_KEY_UIApplicationSupportsIndirectInputEvents = YES;
				INFOPLIST_KEY_UILaunchScreen_Generation = YES;
				INFOPLIST_KEY_UISupportedInterfaceOrientations_iPad = "UIInterfaceOrientationPortrait UIInterfaceOrientationPortraitUpsideDown UIInterfaceOrientationLandscapeLeft UIInterfaceOrientationLandscapeRight";
				INFOPLIST_KEY_UISupportedInterfaceOrientations_iPhone = "UIInterfaceOrientationPortrait UIInterfaceOrientationLandscapeLeft UIInterfaceOrientationLandscapeRight";
				LD_RUNPATH_SEARCH_PATHS = (
					"$(inherited)",
					"@executable_path/Frameworks",
				);
				MARKETING_VERSION = 1.0;
				PRODUCT_BUNDLE_IDENTIFIER = "com.springwell.musubi-iOS";
				PRODUCT_NAME = "$(TARGET_NAME)";
				SWIFT_EMIT_LOC_STRINGS = YES;
				SWIFT_VERSION = 5.0;
				TARGETED_DEVICE_FAMILY = "1,2";
			};
			name = Release;
		};
		794733232B46400E001C3FEB /* Debug */ = {
			isa = XCBuildConfiguration;
			buildSettings = {
				ALWAYS_EMBED_SWIFT_STANDARD_LIBRARIES = YES;
				BUNDLE_LOADER = "$(TEST_HOST)";
				CODE_SIGN_STYLE = Automatic;
				CURRENT_PROJECT_VERSION = 1;
				DEVELOPMENT_TEAM = 7763V93L7Z;
				GENERATE_INFOPLIST_FILE = YES;
				IPHONEOS_DEPLOYMENT_TARGET = 17.2;
				MARKETING_VERSION = 1.0;
				PRODUCT_BUNDLE_IDENTIFIER = "com.springwell.musubi-iOSTests";
				PRODUCT_NAME = "$(TARGET_NAME)";
				SWIFT_EMIT_LOC_STRINGS = NO;
				SWIFT_VERSION = 5.0;
				TARGETED_DEVICE_FAMILY = "1,2";
				TEST_HOST = "$(BUILT_PRODUCTS_DIR)/musubi-iOS.app/$(BUNDLE_EXECUTABLE_FOLDER_PATH)/musubi-iOS";
			};
			name = Debug;
		};
		794733242B46400E001C3FEB /* Release */ = {
			isa = XCBuildConfiguration;
			buildSettings = {
				ALWAYS_EMBED_SWIFT_STANDARD_LIBRARIES = YES;
				BUNDLE_LOADER = "$(TEST_HOST)";
				CODE_SIGN_STYLE = Automatic;
				CURRENT_PROJECT_VERSION = 1;
				DEVELOPMENT_TEAM = 7763V93L7Z;
				GENERATE_INFOPLIST_FILE = YES;
				IPHONEOS_DEPLOYMENT_TARGET = 17.2;
				MARKETING_VERSION = 1.0;
				PRODUCT_BUNDLE_IDENTIFIER = "com.springwell.musubi-iOSTests";
				PRODUCT_NAME = "$(TARGET_NAME)";
				SWIFT_EMIT_LOC_STRINGS = NO;
				SWIFT_VERSION = 5.0;
				TARGETED_DEVICE_FAMILY = "1,2";
				TEST_HOST = "$(BUILT_PRODUCTS_DIR)/musubi-iOS.app/$(BUNDLE_EXECUTABLE_FOLDER_PATH)/musubi-iOS";
			};
			name = Release;
		};
		794733262B46400E001C3FEB /* Debug */ = {
			isa = XCBuildConfiguration;
			buildSettings = {
				ALWAYS_EMBED_SWIFT_STANDARD_LIBRARIES = YES;
				CODE_SIGN_STYLE = Automatic;
				CURRENT_PROJECT_VERSION = 1;
				DEVELOPMENT_TEAM = 7763V93L7Z;
				GENERATE_INFOPLIST_FILE = YES;
				MARKETING_VERSION = 1.0;
				PRODUCT_BUNDLE_IDENTIFIER = "com.springwell.musubi-iOSUITests";
				PRODUCT_NAME = "$(TARGET_NAME)";
				SWIFT_EMIT_LOC_STRINGS = NO;
				SWIFT_VERSION = 5.0;
				TARGETED_DEVICE_FAMILY = "1,2";
				TEST_TARGET_NAME = "musubi-iOS";
			};
			name = Debug;
		};
		794733272B46400E001C3FEB /* Release */ = {
			isa = XCBuildConfiguration;
			buildSettings = {
				ALWAYS_EMBED_SWIFT_STANDARD_LIBRARIES = YES;
				CODE_SIGN_STYLE = Automatic;
				CURRENT_PROJECT_VERSION = 1;
				DEVELOPMENT_TEAM = 7763V93L7Z;
				GENERATE_INFOPLIST_FILE = YES;
				MARKETING_VERSION = 1.0;
				PRODUCT_BUNDLE_IDENTIFIER = "com.springwell.musubi-iOSUITests";
				PRODUCT_NAME = "$(TARGET_NAME)";
				SWIFT_EMIT_LOC_STRINGS = NO;
				SWIFT_VERSION = 5.0;
				TARGETED_DEVICE_FAMILY = "1,2";
				TEST_TARGET_NAME = "musubi-iOS";
			};
			name = Release;
		};
/* End XCBuildConfiguration section */

/* Begin XCConfigurationList section */
		794732F62B46400C001C3FEB /* Build configuration list for PBXProject "musubi-iOS" */ = {
			isa = XCConfigurationList;
			buildConfigurations = (
				7947331D2B46400E001C3FEB /* Debug */,
				7947331E2B46400E001C3FEB /* Release */,
			);
			defaultConfigurationIsVisible = 0;
			defaultConfigurationName = Release;
		};
		7947331F2B46400E001C3FEB /* Build configuration list for PBXNativeTarget "musubi-iOS" */ = {
			isa = XCConfigurationList;
			buildConfigurations = (
				794733202B46400E001C3FEB /* Debug */,
				794733212B46400E001C3FEB /* Release */,
			);
			defaultConfigurationIsVisible = 0;
			defaultConfigurationName = Release;
		};
		794733222B46400E001C3FEB /* Build configuration list for PBXNativeTarget "musubi-iOSTests" */ = {
			isa = XCConfigurationList;
			buildConfigurations = (
				794733232B46400E001C3FEB /* Debug */,
				794733242B46400E001C3FEB /* Release */,
			);
			defaultConfigurationIsVisible = 0;
			defaultConfigurationName = Release;
		};
		794733252B46400E001C3FEB /* Build configuration list for PBXNativeTarget "musubi-iOSUITests" */ = {
			isa = XCConfigurationList;
			buildConfigurations = (
				794733262B46400E001C3FEB /* Debug */,
				794733272B46400E001C3FEB /* Release */,
			);
			defaultConfigurationIsVisible = 0;
			defaultConfigurationName = Release;
		};
/* End XCConfigurationList section */
	};
	rootObject = 794732F32B46400C001C3FEB /* Project object */;
}
