// !$*UTF8*$!
{
	archiveVersion = 1;
	classes = {
	};
	objectVersion = 56;
	objects = {

/* Begin PBXBuildFile section */
		794733352B464331001C3FEB /* MusubiApp.swift in Sources */ = {isa = PBXBuildFile; fileRef = 794733342B464331001C3FEB /* MusubiApp.swift */; };
		794733372B464331001C3FEB /* ContentView.swift in Sources */ = {isa = PBXBuildFile; fileRef = 794733362B464331001C3FEB /* ContentView.swift */; };
		794733392B464333001C3FEB /* Assets.xcassets in Resources */ = {isa = PBXBuildFile; fileRef = 794733382B464333001C3FEB /* Assets.xcassets */; };
		7947333C2B464333001C3FEB /* Preview Assets.xcassets in Resources */ = {isa = PBXBuildFile; fileRef = 7947333B2B464333001C3FEB /* Preview Assets.xcassets */; };
		794733462B464333001C3FEB /* MusubiTests.swift in Sources */ = {isa = PBXBuildFile; fileRef = 794733452B464333001C3FEB /* MusubiTests.swift */; };
		794733502B464333001C3FEB /* MusubiUITests.swift in Sources */ = {isa = PBXBuildFile; fileRef = 7947334F2B464333001C3FEB /* MusubiUITests.swift */; };
		794733522B464333001C3FEB /* MusubiUITestsLaunchTests.swift in Sources */ = {isa = PBXBuildFile; fileRef = 794733512B464333001C3FEB /* MusubiUITestsLaunchTests.swift */; };
		7947336B2B464E2B001C3FEB /* MusubiModel.swift in Sources */ = {isa = PBXBuildFile; fileRef = 7947336A2B464E2B001C3FEB /* MusubiModel.swift */; };
		7947336D2B46566F001C3FEB /* SpotifyModel.swift in Sources */ = {isa = PBXBuildFile; fileRef = 7947336C2B46566F001C3FEB /* SpotifyModel.swift */; };
		7947336F2B46758F001C3FEB /* MusubiViewModel.swift in Sources */ = {isa = PBXBuildFile; fileRef = 7947336E2B46758F001C3FEB /* MusubiViewModel.swift */; };
/* End PBXBuildFile section */

/* Begin PBXContainerItemProxy section */
		794733422B464333001C3FEB /* PBXContainerItemProxy */ = {
			isa = PBXContainerItemProxy;
			containerPortal = 794733292B464331001C3FEB /* Project object */;
			proxyType = 1;
			remoteGlobalIDString = 794733302B464331001C3FEB;
			remoteInfo = Musubi;
		};
		7947334C2B464333001C3FEB /* PBXContainerItemProxy */ = {
			isa = PBXContainerItemProxy;
			containerPortal = 794733292B464331001C3FEB /* Project object */;
			proxyType = 1;
			remoteGlobalIDString = 794733302B464331001C3FEB;
			remoteInfo = Musubi;
		};
/* End PBXContainerItemProxy section */

/* Begin PBXFileReference section */
		794733312B464331001C3FEB /* Musubi.app */ = {isa = PBXFileReference; explicitFileType = wrapper.application; includeInIndex = 0; path = Musubi.app; sourceTree = BUILT_PRODUCTS_DIR; };
		794733342B464331001C3FEB /* MusubiApp.swift */ = {isa = PBXFileReference; lastKnownFileType = sourcecode.swift; path = MusubiApp.swift; sourceTree = "<group>"; };
		794733362B464331001C3FEB /* ContentView.swift */ = {isa = PBXFileReference; lastKnownFileType = sourcecode.swift; path = ContentView.swift; sourceTree = "<group>"; };
		794733382B464333001C3FEB /* Assets.xcassets */ = {isa = PBXFileReference; lastKnownFileType = folder.assetcatalog; path = Assets.xcassets; sourceTree = "<group>"; };
		7947333B2B464333001C3FEB /* Preview Assets.xcassets */ = {isa = PBXFileReference; lastKnownFileType = folder.assetcatalog; path = "Preview Assets.xcassets"; sourceTree = "<group>"; };
		794733412B464333001C3FEB /* MusubiTests.xctest */ = {isa = PBXFileReference; explicitFileType = wrapper.cfbundle; includeInIndex = 0; path = MusubiTests.xctest; sourceTree = BUILT_PRODUCTS_DIR; };
		794733452B464333001C3FEB /* MusubiTests.swift */ = {isa = PBXFileReference; lastKnownFileType = sourcecode.swift; path = MusubiTests.swift; sourceTree = "<group>"; };
		7947334B2B464333001C3FEB /* MusubiUITests.xctest */ = {isa = PBXFileReference; explicitFileType = wrapper.cfbundle; includeInIndex = 0; path = MusubiUITests.xctest; sourceTree = BUILT_PRODUCTS_DIR; };
		7947334F2B464333001C3FEB /* MusubiUITests.swift */ = {isa = PBXFileReference; lastKnownFileType = sourcecode.swift; path = MusubiUITests.swift; sourceTree = "<group>"; };
		794733512B464333001C3FEB /* MusubiUITestsLaunchTests.swift */ = {isa = PBXFileReference; lastKnownFileType = sourcecode.swift; path = MusubiUITestsLaunchTests.swift; sourceTree = "<group>"; };
		7947336A2B464E2B001C3FEB /* MusubiModel.swift */ = {isa = PBXFileReference; lastKnownFileType = sourcecode.swift; path = MusubiModel.swift; sourceTree = "<group>"; };
		7947336C2B46566F001C3FEB /* SpotifyModel.swift */ = {isa = PBXFileReference; lastKnownFileType = sourcecode.swift; path = SpotifyModel.swift; sourceTree = "<group>"; };
		7947336E2B46758F001C3FEB /* MusubiViewModel.swift */ = {isa = PBXFileReference; lastKnownFileType = sourcecode.swift; path = MusubiViewModel.swift; sourceTree = "<group>"; };
/* End PBXFileReference section */

/* Begin PBXFrameworksBuildPhase section */
		7947332E2B464331001C3FEB /* Frameworks */ = {
			isa = PBXFrameworksBuildPhase;
			buildActionMask = 2147483647;
			files = (
			);
			runOnlyForDeploymentPostprocessing = 0;
		};
		7947333E2B464333001C3FEB /* Frameworks */ = {
			isa = PBXFrameworksBuildPhase;
			buildActionMask = 2147483647;
			files = (
			);
			runOnlyForDeploymentPostprocessing = 0;
		};
		794733482B464333001C3FEB /* Frameworks */ = {
			isa = PBXFrameworksBuildPhase;
			buildActionMask = 2147483647;
			files = (
			);
			runOnlyForDeploymentPostprocessing = 0;
		};
/* End PBXFrameworksBuildPhase section */

/* Begin PBXGroup section */
		794733282B464331001C3FEB = {
			isa = PBXGroup;
			children = (
				794733332B464331001C3FEB /* Musubi */,
				794733442B464333001C3FEB /* MusubiTests */,
				7947334E2B464333001C3FEB /* MusubiUITests */,
				794733322B464331001C3FEB /* Products */,
			);
			sourceTree = "<group>";
		};
		794733322B464331001C3FEB /* Products */ = {
			isa = PBXGroup;
			children = (
				794733312B464331001C3FEB /* Musubi.app */,
				794733412B464333001C3FEB /* MusubiTests.xctest */,
				7947334B2B464333001C3FEB /* MusubiUITests.xctest */,
			);
			name = Products;
			sourceTree = "<group>";
		};
		794733332B464331001C3FEB /* Musubi */ = {
			isa = PBXGroup;
			children = (
				794733672B464706001C3FEB /* SpotifyWebClient */,
				794733602B46450B001C3FEB /* Views */,
				794733702B468FFE001C3FEB /* Util */,
				794733342B464331001C3FEB /* MusubiApp.swift */,
				7947336A2B464E2B001C3FEB /* MusubiModel.swift */,
				7947336E2B46758F001C3FEB /* MusubiViewModel.swift */,
				794733362B464331001C3FEB /* ContentView.swift */,
				794733382B464333001C3FEB /* Assets.xcassets */,
				7947333A2B464333001C3FEB /* Preview Content */,
			);
			path = Musubi;
			sourceTree = "<group>";
		};
		7947333A2B464333001C3FEB /* Preview Content */ = {
			isa = PBXGroup;
			children = (
				7947333B2B464333001C3FEB /* Preview Assets.xcassets */,
			);
			path = "Preview Content";
			sourceTree = "<group>";
		};
		794733442B464333001C3FEB /* MusubiTests */ = {
			isa = PBXGroup;
			children = (
				794733452B464333001C3FEB /* MusubiTests.swift */,
			);
			path = MusubiTests;
			sourceTree = "<group>";
		};
		7947334E2B464333001C3FEB /* MusubiUITests */ = {
			isa = PBXGroup;
			children = (
				7947334F2B464333001C3FEB /* MusubiUITests.swift */,
				794733512B464333001C3FEB /* MusubiUITestsLaunchTests.swift */,
			);
			path = MusubiUITests;
			sourceTree = "<group>";
		};
		794733602B46450B001C3FEB /* Views */ = {
			isa = PBXGroup;
			children = (
			);
			path = Views;
			sourceTree = "<group>";
		};
		794733672B464706001C3FEB /* SpotifyWebClient */ = {
			isa = PBXGroup;
			children = (
				7947336C2B46566F001C3FEB /* SpotifyModel.swift */,
			);
			path = SpotifyWebClient;
			sourceTree = "<group>";
		};
		794733702B468FFE001C3FEB /* Util */ = {
			isa = PBXGroup;
			children = (
			);
			path = Util;
			sourceTree = "<group>";
		};
/* End PBXGroup section */

/* Begin PBXNativeTarget section */
		794733302B464331001C3FEB /* Musubi */ = {
			isa = PBXNativeTarget;
			buildConfigurationList = 794733552B464333001C3FEB /* Build configuration list for PBXNativeTarget "Musubi" */;
			buildPhases = (
				7947332D2B464331001C3FEB /* Sources */,
				7947332E2B464331001C3FEB /* Frameworks */,
				7947332F2B464331001C3FEB /* Resources */,
			);
			buildRules = (
			);
			dependencies = (
			);
			name = Musubi;
			productName = Musubi;
			productReference = 794733312B464331001C3FEB /* Musubi.app */;
			productType = "com.apple.product-type.application";
		};
		794733402B464333001C3FEB /* MusubiTests */ = {
			isa = PBXNativeTarget;
			buildConfigurationList = 794733582B464333001C3FEB /* Build configuration list for PBXNativeTarget "MusubiTests" */;
			buildPhases = (
				7947333D2B464333001C3FEB /* Sources */,
				7947333E2B464333001C3FEB /* Frameworks */,
				7947333F2B464333001C3FEB /* Resources */,
			);
			buildRules = (
			);
			dependencies = (
				794733432B464333001C3FEB /* PBXTargetDependency */,
			);
			name = MusubiTests;
			productName = MusubiTests;
			productReference = 794733412B464333001C3FEB /* MusubiTests.xctest */;
			productType = "com.apple.product-type.bundle.unit-test";
		};
		7947334A2B464333001C3FEB /* MusubiUITests */ = {
			isa = PBXNativeTarget;
			buildConfigurationList = 7947335B2B464333001C3FEB /* Build configuration list for PBXNativeTarget "MusubiUITests" */;
			buildPhases = (
				794733472B464333001C3FEB /* Sources */,
				794733482B464333001C3FEB /* Frameworks */,
				794733492B464333001C3FEB /* Resources */,
			);
			buildRules = (
			);
			dependencies = (
				7947334D2B464333001C3FEB /* PBXTargetDependency */,
			);
			name = MusubiUITests;
			productName = MusubiUITests;
			productReference = 7947334B2B464333001C3FEB /* MusubiUITests.xctest */;
			productType = "com.apple.product-type.bundle.ui-testing";
		};
/* End PBXNativeTarget section */

/* Begin PBXProject section */
		794733292B464331001C3FEB /* Project object */ = {
			isa = PBXProject;
			attributes = {
				BuildIndependentTargetsInParallel = 1;
				LastSwiftUpdateCheck = 1510;
				LastUpgradeCheck = 1510;
				TargetAttributes = {
					794733302B464331001C3FEB = {
						CreatedOnToolsVersion = 15.1;
					};
					794733402B464333001C3FEB = {
						CreatedOnToolsVersion = 15.1;
						TestTargetID = 794733302B464331001C3FEB;
					};
					7947334A2B464333001C3FEB = {
						CreatedOnToolsVersion = 15.1;
						TestTargetID = 794733302B464331001C3FEB;
					};
				};
			};
			buildConfigurationList = 7947332C2B464331001C3FEB /* Build configuration list for PBXProject "Musubi" */;
			compatibilityVersion = "Xcode 14.0";
			developmentRegion = en;
			hasScannedForEncodings = 0;
			knownRegions = (
				en,
				Base,
			);
			mainGroup = 794733282B464331001C3FEB;
			productRefGroup = 794733322B464331001C3FEB /* Products */;
			projectDirPath = "";
			projectRoot = "";
			targets = (
				794733302B464331001C3FEB /* Musubi */,
				794733402B464333001C3FEB /* MusubiTests */,
				7947334A2B464333001C3FEB /* MusubiUITests */,
			);
		};
/* End PBXProject section */

/* Begin PBXResourcesBuildPhase section */
		7947332F2B464331001C3FEB /* Resources */ = {
			isa = PBXResourcesBuildPhase;
			buildActionMask = 2147483647;
			files = (
				7947333C2B464333001C3FEB /* Preview Assets.xcassets in Resources */,
				794733392B464333001C3FEB /* Assets.xcassets in Resources */,
			);
			runOnlyForDeploymentPostprocessing = 0;
		};
		7947333F2B464333001C3FEB /* Resources */ = {
			isa = PBXResourcesBuildPhase;
			buildActionMask = 2147483647;
			files = (
			);
			runOnlyForDeploymentPostprocessing = 0;
		};
		794733492B464333001C3FEB /* Resources */ = {
			isa = PBXResourcesBuildPhase;
			buildActionMask = 2147483647;
			files = (
			);
			runOnlyForDeploymentPostprocessing = 0;
		};
/* End PBXResourcesBuildPhase section */

/* Begin PBXSourcesBuildPhase section */
		7947332D2B464331001C3FEB /* Sources */ = {
			isa = PBXSourcesBuildPhase;
			buildActionMask = 2147483647;
			files = (
				7947336D2B46566F001C3FEB /* SpotifyModel.swift in Sources */,
				794733372B464331001C3FEB /* ContentView.swift in Sources */,
				7947336F2B46758F001C3FEB /* MusubiViewModel.swift in Sources */,
				7947336B2B464E2B001C3FEB /* MusubiModel.swift in Sources */,
				794733352B464331001C3FEB /* MusubiApp.swift in Sources */,
			);
			runOnlyForDeploymentPostprocessing = 0;
		};
		7947333D2B464333001C3FEB /* Sources */ = {
			isa = PBXSourcesBuildPhase;
			buildActionMask = 2147483647;
			files = (
				794733462B464333001C3FEB /* MusubiTests.swift in Sources */,
			);
			runOnlyForDeploymentPostprocessing = 0;
		};
		794733472B464333001C3FEB /* Sources */ = {
			isa = PBXSourcesBuildPhase;
			buildActionMask = 2147483647;
			files = (
				794733502B464333001C3FEB /* MusubiUITests.swift in Sources */,
				794733522B464333001C3FEB /* MusubiUITestsLaunchTests.swift in Sources */,
			);
			runOnlyForDeploymentPostprocessing = 0;
		};
/* End PBXSourcesBuildPhase section */

/* Begin PBXTargetDependency section */
		794733432B464333001C3FEB /* PBXTargetDependency */ = {
			isa = PBXTargetDependency;
			target = 794733302B464331001C3FEB /* Musubi */;
			targetProxy = 794733422B464333001C3FEB /* PBXContainerItemProxy */;
		};
		7947334D2B464333001C3FEB /* PBXTargetDependency */ = {
			isa = PBXTargetDependency;
			target = 794733302B464331001C3FEB /* Musubi */;
			targetProxy = 7947334C2B464333001C3FEB /* PBXContainerItemProxy */;
		};
/* End PBXTargetDependency section */

/* Begin XCBuildConfiguration section */
		794733532B464333001C3FEB /* Debug */ = {
			isa = XCBuildConfiguration;
			buildSettings = {
				ALWAYS_SEARCH_USER_PATHS = NO;
				ASSETCATALOG_COMPILER_GENERATE_SWIFT_ASSET_SYMBOL_EXTENSIONS = YES;
				CLANG_ANALYZER_NONNULL = YES;
				CLANG_ANALYZER_NUMBER_OBJECT_CONVERSION = YES_AGGRESSIVE;
				CLANG_CXX_LANGUAGE_STANDARD = "gnu++20";
				CLANG_ENABLE_MODULES = YES;
				CLANG_ENABLE_OBJC_ARC = YES;
				CLANG_ENABLE_OBJC_WEAK = YES;
				CLANG_WARN_BLOCK_CAPTURE_AUTORELEASING = YES;
				CLANG_WARN_BOOL_CONVERSION = YES;
				CLANG_WARN_COMMA = YES;
				CLANG_WARN_CONSTANT_CONVERSION = YES;
				CLANG_WARN_DEPRECATED_OBJC_IMPLEMENTATIONS = YES;
				CLANG_WARN_DIRECT_OBJC_ISA_USAGE = YES_ERROR;
				CLANG_WARN_DOCUMENTATION_COMMENTS = YES;
				CLANG_WARN_EMPTY_BODY = YES;
				CLANG_WARN_ENUM_CONVERSION = YES;
				CLANG_WARN_INFINITE_RECURSION = YES;
				CLANG_WARN_INT_CONVERSION = YES;
				CLANG_WARN_NON_LITERAL_NULL_CONVERSION = YES;
				CLANG_WARN_OBJC_IMPLICIT_RETAIN_SELF = YES;
				CLANG_WARN_OBJC_LITERAL_CONVERSION = YES;
				CLANG_WARN_OBJC_ROOT_CLASS = YES_ERROR;
				CLANG_WARN_QUOTED_INCLUDE_IN_FRAMEWORK_HEADER = YES;
				CLANG_WARN_RANGE_LOOP_ANALYSIS = YES;
				CLANG_WARN_STRICT_PROTOTYPES = YES;
				CLANG_WARN_SUSPICIOUS_MOVE = YES;
				CLANG_WARN_UNGUARDED_AVAILABILITY = YES_AGGRESSIVE;
				CLANG_WARN_UNREACHABLE_CODE = YES;
				CLANG_WARN__DUPLICATE_METHOD_MATCH = YES;
				COPY_PHASE_STRIP = NO;
				DEBUG_INFORMATION_FORMAT = dwarf;
				ENABLE_STRICT_OBJC_MSGSEND = YES;
				ENABLE_TESTABILITY = YES;
				ENABLE_USER_SCRIPT_SANDBOXING = YES;
				GCC_C_LANGUAGE_STANDARD = gnu17;
				GCC_DYNAMIC_NO_PIC = NO;
				GCC_NO_COMMON_BLOCKS = YES;
				GCC_OPTIMIZATION_LEVEL = 0;
				GCC_PREPROCESSOR_DEFINITIONS = (
					"DEBUG=1",
					"$(inherited)",
				);
				GCC_WARN_64_TO_32_BIT_CONVERSION = YES;
				GCC_WARN_ABOUT_RETURN_TYPE = YES_ERROR;
				GCC_WARN_UNDECLARED_SELECTOR = YES;
				GCC_WARN_UNINITIALIZED_AUTOS = YES_AGGRESSIVE;
				GCC_WARN_UNUSED_FUNCTION = YES;
				GCC_WARN_UNUSED_VARIABLE = YES;
				IPHONEOS_DEPLOYMENT_TARGET = 17.2;
				LOCALIZATION_PREFERS_STRING_CATALOGS = YES;
				MTL_ENABLE_DEBUG_INFO = INCLUDE_SOURCE;
				MTL_FAST_MATH = YES;
				ONLY_ACTIVE_ARCH = YES;
				SDKROOT = iphoneos;
				SWIFT_ACTIVE_COMPILATION_CONDITIONS = "DEBUG $(inherited)";
				SWIFT_OPTIMIZATION_LEVEL = "-Onone";
			};
			name = Debug;
		};
		794733542B464333001C3FEB /* Release */ = {
			isa = XCBuildConfiguration;
			buildSettings = {
				ALWAYS_SEARCH_USER_PATHS = NO;
				ASSETCATALOG_COMPILER_GENERATE_SWIFT_ASSET_SYMBOL_EXTENSIONS = YES;
				CLANG_ANALYZER_NONNULL = YES;
				CLANG_ANALYZER_NUMBER_OBJECT_CONVERSION = YES_AGGRESSIVE;
				CLANG_CXX_LANGUAGE_STANDARD = "gnu++20";
				CLANG_ENABLE_MODULES = YES;
				CLANG_ENABLE_OBJC_ARC = YES;
				CLANG_ENABLE_OBJC_WEAK = YES;
				CLANG_WARN_BLOCK_CAPTURE_AUTORELEASING = YES;
				CLANG_WARN_BOOL_CONVERSION = YES;
				CLANG_WARN_COMMA = YES;
				CLANG_WARN_CONSTANT_CONVERSION = YES;
				CLANG_WARN_DEPRECATED_OBJC_IMPLEMENTATIONS = YES;
				CLANG_WARN_DIRECT_OBJC_ISA_USAGE = YES_ERROR;
				CLANG_WARN_DOCUMENTATION_COMMENTS = YES;
				CLANG_WARN_EMPTY_BODY = YES;
				CLANG_WARN_ENUM_CONVERSION = YES;
				CLANG_WARN_INFINITE_RECURSION = YES;
				CLANG_WARN_INT_CONVERSION = YES;
				CLANG_WARN_NON_LITERAL_NULL_CONVERSION = YES;
				CLANG_WARN_OBJC_IMPLICIT_RETAIN_SELF = YES;
				CLANG_WARN_OBJC_LITERAL_CONVERSION = YES;
				CLANG_WARN_OBJC_ROOT_CLASS = YES_ERROR;
				CLANG_WARN_QUOTED_INCLUDE_IN_FRAMEWORK_HEADER = YES;
				CLANG_WARN_RANGE_LOOP_ANALYSIS = YES;
				CLANG_WARN_STRICT_PROTOTYPES = YES;
				CLANG_WARN_SUSPICIOUS_MOVE = YES;
				CLANG_WARN_UNGUARDED_AVAILABILITY = YES_AGGRESSIVE;
				CLANG_WARN_UNREACHABLE_CODE = YES;
				CLANG_WARN__DUPLICATE_METHOD_MATCH = YES;
				COPY_PHASE_STRIP = NO;
				DEBUG_INFORMATION_FORMAT = "dwarf-with-dsym";
				ENABLE_NS_ASSERTIONS = NO;
				ENABLE_STRICT_OBJC_MSGSEND = YES;
				ENABLE_USER_SCRIPT_SANDBOXING = YES;
				GCC_C_LANGUAGE_STANDARD = gnu17;
				GCC_NO_COMMON_BLOCKS = YES;
				GCC_WARN_64_TO_32_BIT_CONVERSION = YES;
				GCC_WARN_ABOUT_RETURN_TYPE = YES_ERROR;
				GCC_WARN_UNDECLARED_SELECTOR = YES;
				GCC_WARN_UNINITIALIZED_AUTOS = YES_AGGRESSIVE;
				GCC_WARN_UNUSED_FUNCTION = YES;
				GCC_WARN_UNUSED_VARIABLE = YES;
				IPHONEOS_DEPLOYMENT_TARGET = 17.2;
				LOCALIZATION_PREFERS_STRING_CATALOGS = YES;
				MTL_ENABLE_DEBUG_INFO = NO;
				MTL_FAST_MATH = YES;
				SDKROOT = iphoneos;
				SWIFT_COMPILATION_MODE = wholemodule;
				VALIDATE_PRODUCT = YES;
			};
			name = Release;
		};
		794733562B464333001C3FEB /* Debug */ = {
			isa = XCBuildConfiguration;
			buildSettings = {
				ASSETCATALOG_COMPILER_APPICON_NAME = AppIcon;
				ASSETCATALOG_COMPILER_GLOBAL_ACCENT_COLOR_NAME = AccentColor;
				CODE_SIGN_STYLE = Automatic;
				CURRENT_PROJECT_VERSION = 1;
				DEVELOPMENT_ASSET_PATHS = "\"Musubi/Preview Content\"";
				DEVELOPMENT_TEAM = 7763V93L7Z;
				ENABLE_PREVIEWS = YES;
				GENERATE_INFOPLIST_FILE = YES;
				INFOPLIST_KEY_UIApplicationSceneManifest_Generation = YES;
				INFOPLIST_KEY_UIApplicationSupportsIndirectInputEvents = YES;
				INFOPLIST_KEY_UILaunchScreen_Generation = YES;
				INFOPLIST_KEY_UISupportedInterfaceOrientations_iPad = "UIInterfaceOrientationPortrait UIInterfaceOrientationPortraitUpsideDown UIInterfaceOrientationLandscapeLeft UIInterfaceOrientationLandscapeRight";
				INFOPLIST_KEY_UISupportedInterfaceOrientations_iPhone = "UIInterfaceOrientationPortrait UIInterfaceOrientationLandscapeLeft UIInterfaceOrientationLandscapeRight";
				LD_RUNPATH_SEARCH_PATHS = (
					"$(inherited)",
					"@executable_path/Frameworks",
				);
				MARKETING_VERSION = 1.0;
				PRODUCT_BUNDLE_IDENTIFIER = com.springwell.Musubi;
				PRODUCT_NAME = "$(TARGET_NAME)";
				SWIFT_EMIT_LOC_STRINGS = YES;
				SWIFT_VERSION = 5.0;
				TARGETED_DEVICE_FAMILY = "1,2";
			};
			name = Debug;
		};
		794733572B464333001C3FEB /* Release */ = {
			isa = XCBuildConfiguration;
			buildSettings = {
				ASSETCATALOG_COMPILER_APPICON_NAME = AppIcon;
				ASSETCATALOG_COMPILER_GLOBAL_ACCENT_COLOR_NAME = AccentColor;
				CODE_SIGN_STYLE = Automatic;
				CURRENT_PROJECT_VERSION = 1;
				DEVELOPMENT_ASSET_PATHS = "\"Musubi/Preview Content\"";
				DEVELOPMENT_TEAM = 7763V93L7Z;
				ENABLE_PREVIEWS = YES;
				GENERATE_INFOPLIST_FILE = YES;
				INFOPLIST_KEY_UIApplicationSceneManifest_Generation = YES;
				INFOPLIST_KEY_UIApplicationSupportsIndirectInputEvents = YES;
				INFOPLIST_KEY_UILaunchScreen_Generation = YES;
				INFOPLIST_KEY_UISupportedInterfaceOrientations_iPad = "UIInterfaceOrientationPortrait UIInterfaceOrientationPortraitUpsideDown UIInterfaceOrientationLandscapeLeft UIInterfaceOrientationLandscapeRight";
				INFOPLIST_KEY_UISupportedInterfaceOrientations_iPhone = "UIInterfaceOrientationPortrait UIInterfaceOrientationLandscapeLeft UIInterfaceOrientationLandscapeRight";
				LD_RUNPATH_SEARCH_PATHS = (
					"$(inherited)",
					"@executable_path/Frameworks",
				);
				MARKETING_VERSION = 1.0;
				PRODUCT_BUNDLE_IDENTIFIER = com.springwell.Musubi;
				PRODUCT_NAME = "$(TARGET_NAME)";
				SWIFT_EMIT_LOC_STRINGS = YES;
				SWIFT_VERSION = 5.0;
				TARGETED_DEVICE_FAMILY = "1,2";
			};
			name = Release;
		};
		794733592B464333001C3FEB /* Debug */ = {
			isa = XCBuildConfiguration;
			buildSettings = {
				ALWAYS_EMBED_SWIFT_STANDARD_LIBRARIES = YES;
				BUNDLE_LOADER = "$(TEST_HOST)";
				CODE_SIGN_STYLE = Automatic;
				CURRENT_PROJECT_VERSION = 1;
				DEVELOPMENT_TEAM = 7763V93L7Z;
				GENERATE_INFOPLIST_FILE = YES;
				IPHONEOS_DEPLOYMENT_TARGET = 17.2;
				MARKETING_VERSION = 1.0;
				PRODUCT_BUNDLE_IDENTIFIER = com.springwell.MusubiTests;
				PRODUCT_NAME = "$(TARGET_NAME)";
				SWIFT_EMIT_LOC_STRINGS = NO;
				SWIFT_VERSION = 5.0;
				TARGETED_DEVICE_FAMILY = "1,2";
				TEST_HOST = "$(BUILT_PRODUCTS_DIR)/Musubi.app/$(BUNDLE_EXECUTABLE_FOLDER_PATH)/Musubi";
			};
			name = Debug;
		};
		7947335A2B464333001C3FEB /* Release */ = {
			isa = XCBuildConfiguration;
			buildSettings = {
				ALWAYS_EMBED_SWIFT_STANDARD_LIBRARIES = YES;
				BUNDLE_LOADER = "$(TEST_HOST)";
				CODE_SIGN_STYLE = Automatic;
				CURRENT_PROJECT_VERSION = 1;
				DEVELOPMENT_TEAM = 7763V93L7Z;
				GENERATE_INFOPLIST_FILE = YES;
				IPHONEOS_DEPLOYMENT_TARGET = 17.2;
				MARKETING_VERSION = 1.0;
				PRODUCT_BUNDLE_IDENTIFIER = com.springwell.MusubiTests;
				PRODUCT_NAME = "$(TARGET_NAME)";
				SWIFT_EMIT_LOC_STRINGS = NO;
				SWIFT_VERSION = 5.0;
				TARGETED_DEVICE_FAMILY = "1,2";
				TEST_HOST = "$(BUILT_PRODUCTS_DIR)/Musubi.app/$(BUNDLE_EXECUTABLE_FOLDER_PATH)/Musubi";
			};
			name = Release;
		};
		7947335C2B464333001C3FEB /* Debug */ = {
			isa = XCBuildConfiguration;
			buildSettings = {
				ALWAYS_EMBED_SWIFT_STANDARD_LIBRARIES = YES;
				CODE_SIGN_STYLE = Automatic;
				CURRENT_PROJECT_VERSION = 1;
				DEVELOPMENT_TEAM = 7763V93L7Z;
				GENERATE_INFOPLIST_FILE = YES;
				MARKETING_VERSION = 1.0;
				PRODUCT_BUNDLE_IDENTIFIER = com.springwell.MusubiUITests;
				PRODUCT_NAME = "$(TARGET_NAME)";
				SWIFT_EMIT_LOC_STRINGS = NO;
				SWIFT_VERSION = 5.0;
				TARGETED_DEVICE_FAMILY = "1,2";
				TEST_TARGET_NAME = Musubi;
			};
			name = Debug;
		};
		7947335D2B464333001C3FEB /* Release */ = {
			isa = XCBuildConfiguration;
			buildSettings = {
				ALWAYS_EMBED_SWIFT_STANDARD_LIBRARIES = YES;
				CODE_SIGN_STYLE = Automatic;
				CURRENT_PROJECT_VERSION = 1;
				DEVELOPMENT_TEAM = 7763V93L7Z;
				GENERATE_INFOPLIST_FILE = YES;
				MARKETING_VERSION = 1.0;
				PRODUCT_BUNDLE_IDENTIFIER = com.springwell.MusubiUITests;
				PRODUCT_NAME = "$(TARGET_NAME)";
				SWIFT_EMIT_LOC_STRINGS = NO;
				SWIFT_VERSION = 5.0;
				TARGETED_DEVICE_FAMILY = "1,2";
				TEST_TARGET_NAME = Musubi;
			};
			name = Release;
		};
/* End XCBuildConfiguration section */

/* Begin XCConfigurationList section */
		7947332C2B464331001C3FEB /* Build configuration list for PBXProject "Musubi" */ = {
			isa = XCConfigurationList;
			buildConfigurations = (
				794733532B464333001C3FEB /* Debug */,
				794733542B464333001C3FEB /* Release */,
			);
			defaultConfigurationIsVisible = 0;
			defaultConfigurationName = Release;
		};
		794733552B464333001C3FEB /* Build configuration list for PBXNativeTarget "Musubi" */ = {
			isa = XCConfigurationList;
			buildConfigurations = (
				794733562B464333001C3FEB /* Debug */,
				794733572B464333001C3FEB /* Release */,
			);
			defaultConfigurationIsVisible = 0;
			defaultConfigurationName = Release;
		};
		794733582B464333001C3FEB /* Build configuration list for PBXNativeTarget "MusubiTests" */ = {
			isa = XCConfigurationList;
			buildConfigurations = (
				794733592B464333001C3FEB /* Debug */,
				7947335A2B464333001C3FEB /* Release */,
			);
			defaultConfigurationIsVisible = 0;
			defaultConfigurationName = Release;
		};
		7947335B2B464333001C3FEB /* Build configuration list for PBXNativeTarget "MusubiUITests" */ = {
			isa = XCConfigurationList;
			buildConfigurations = (
				7947335C2B464333001C3FEB /* Debug */,
				7947335D2B464333001C3FEB /* Release */,
			);
			defaultConfigurationIsVisible = 0;
			defaultConfigurationName = Release;
		};
/* End XCConfigurationList section */
	};
	rootObject = 794733292B464331001C3FEB /* Project object */;
}
