// !$*UTF8*$!
{
	archiveVersion = 1;
	classes = {
	};
	objectVersion = 56;
	objects = {

/* Begin PBXBuildFile section */
		79223A112B6FFB630041E8E7 /* AddToSelectableLocalClonesSheet.swift in Sources */ = {isa = PBXBuildFile; fileRef = 79223A102B6FFB630041E8E7 /* AddToSelectableLocalClonesSheet.swift */; };
		79223A152B7085DD0041E8E7 /* CollectionDiffingWithMoves.swift in Sources */ = {isa = PBXBuildFile; fileRef = 79223A142B7085DD0041E8E7 /* CollectionDiffingWithMoves.swift */; };
		79223A1C2B71BD9F0041E8E7 /* CollectionDiffingWithMovesTests.swift in Sources */ = {isa = PBXBuildFile; fileRef = 79223A1B2B71BD9F0041E8E7 /* CollectionDiffingWithMovesTests.swift */; };
		7930D46B2B65E90A00E8C426 /* MusubiCloud.swift in Sources */ = {isa = PBXBuildFile; fileRef = 7930D46A2B65E90A00E8C426 /* MusubiCloud.swift */; };
		7930D46F2B6ACC1F00E8C426 /* LocalClonePage.swift in Sources */ = {isa = PBXBuildFile; fileRef = 7930D46E2B6ACC1F00E8C426 /* LocalClonePage.swift */; };
		794733352B464331001C3FEB /* MusubiApp.swift in Sources */ = {isa = PBXBuildFile; fileRef = 794733342B464331001C3FEB /* MusubiApp.swift */; };
		794733392B464333001C3FEB /* Assets.xcassets in Resources */ = {isa = PBXBuildFile; fileRef = 794733382B464333001C3FEB /* Assets.xcassets */; };
		7947333C2B464333001C3FEB /* Preview Assets.xcassets in Resources */ = {isa = PBXBuildFile; fileRef = 7947333B2B464333001C3FEB /* Preview Assets.xcassets */; };
		794733462B464333001C3FEB /* MusubiTests.swift in Sources */ = {isa = PBXBuildFile; fileRef = 794733452B464333001C3FEB /* MusubiTests.swift */; };
		794733502B464333001C3FEB /* MusubiUITests.swift in Sources */ = {isa = PBXBuildFile; fileRef = 7947334F2B464333001C3FEB /* MusubiUITests.swift */; };
		794733522B464333001C3FEB /* MusubiUITestsLaunchTests.swift in Sources */ = {isa = PBXBuildFile; fileRef = 794733512B464333001C3FEB /* MusubiUITestsLaunchTests.swift */; };
		7947336B2B464E2B001C3FEB /* MusubiModel.swift in Sources */ = {isa = PBXBuildFile; fileRef = 7947336A2B464E2B001C3FEB /* MusubiModel.swift */; };
		7947336D2B46566F001C3FEB /* SpotifyViewModel.swift in Sources */ = {isa = PBXBuildFile; fileRef = 7947336C2B46566F001C3FEB /* SpotifyViewModel.swift */; };
		7947336F2B46758F001C3FEB /* MusubiViewModel.swift in Sources */ = {isa = PBXBuildFile; fileRef = 7947336E2B46758F001C3FEB /* MusubiViewModel.swift */; };
		794733722B469C01001C3FEB /* Cryptography.swift in Sources */ = {isa = PBXBuildFile; fileRef = 794733712B469C01001C3FEB /* Cryptography.swift */; };
		794733782B469E11001C3FEB /* Storage.swift in Sources */ = {isa = PBXBuildFile; fileRef = 794733772B469E11001C3FEB /* Storage.swift */; };
		7947337E2B4931F7001C3FEB /* NotSoSecretSecrets.swift in Sources */ = {isa = PBXBuildFile; fileRef = 7947337D2B4931F7001C3FEB /* NotSoSecretSecrets.swift */; };
		794733822B4A7D32001C3FEB /* LoginView.swift in Sources */ = {isa = PBXBuildFile; fileRef = 794733812B4A7D32001C3FEB /* LoginView.swift */; };
		794733862B4B180E001C3FEB /* HomeView.swift in Sources */ = {isa = PBXBuildFile; fileRef = 794733852B4B180E001C3FEB /* HomeView.swift */; };
		7947338C2B4B7955001C3FEB /* SpotifyRequests.swift in Sources */ = {isa = PBXBuildFile; fileRef = 7947338B2B4B7955001C3FEB /* SpotifyRequests.swift */; };
		7947338E2B4BBF05001C3FEB /* MusubiUserManager.swift in Sources */ = {isa = PBXBuildFile; fileRef = 7947338D2B4BBF05001C3FEB /* MusubiUserManager.swift */; };
		794733942B4CE08B001C3FEB /* LocalClonesTabRoot.swift in Sources */ = {isa = PBXBuildFile; fileRef = 794733932B4CE08B001C3FEB /* LocalClonesTabRoot.swift */; };
		794733962B4CE1A7001C3FEB /* SearchTabRoot.swift in Sources */ = {isa = PBXBuildFile; fileRef = 794733952B4CE1A7001C3FEB /* SearchTabRoot.swift */; };
		794733982B4CE1AE001C3FEB /* AccountTabRoot.swift in Sources */ = {isa = PBXBuildFile; fileRef = 794733972B4CE1AE001C3FEB /* AccountTabRoot.swift */; };
		7947339A2B4CE922001C3FEB /* UI.swift in Sources */ = {isa = PBXBuildFile; fileRef = 794733992B4CE922001C3FEB /* UI.swift */; };
		794733A72B4D15BD001C3FEB /* AudioTrackListCell.swift in Sources */ = {isa = PBXBuildFile; fileRef = 794733A62B4D15BD001C3FEB /* AudioTrackListCell.swift */; };
		794733AC2B4E01E3001C3FEB /* ListCell.swift in Sources */ = {isa = PBXBuildFile; fileRef = 794733AB2B4E01E3001C3FEB /* ListCell.swift */; };
		7961DA112B55ADDB00650775 /* UIColor+.swift in Sources */ = {isa = PBXBuildFile; fileRef = 7961DA102B55ADDB00650775 /* UIColor+.swift */; };
		7961DA132B55ADE200650775 /* UIImage+.swift in Sources */ = {isa = PBXBuildFile; fileRef = 7961DA122B55ADE200650775 /* UIImage+.swift */; };
		7961DA172B56510B00650775 /* MusubiRepository.swift in Sources */ = {isa = PBXBuildFile; fileRef = 7961DA162B56510B00650775 /* MusubiRepository.swift */; };
		7961DA1B2B5998CF00650775 /* StaticUserPage.swift in Sources */ = {isa = PBXBuildFile; fileRef = 7961DA1A2B5998CF00650775 /* StaticUserPage.swift */; };
		7961DA1E2B59ACEE00650775 /* RetryableAsyncImage.swift in Sources */ = {isa = PBXBuildFile; fileRef = 7961DA1D2B59ACEE00650775 /* RetryableAsyncImage.swift */; };
		7961DA202B59B15000650775 /* SpotifyConstants.swift in Sources */ = {isa = PBXBuildFile; fileRef = 7961DA1F2B59B15000650775 /* SpotifyConstants.swift */; };
		7978F8592B506080005D3880 /* AudioTrackListPage.swift in Sources */ = {isa = PBXBuildFile; fileRef = 7978F8582B506080005D3880 /* AudioTrackListPage.swift */; };
		7978F85C2B51253C005D3880 /* StaticAlbumPage.swift in Sources */ = {isa = PBXBuildFile; fileRef = 7978F85B2B51253C005D3880 /* StaticAlbumPage.swift */; };
		7978F85E2B512543005D3880 /* StaticPlaylistPage.swift in Sources */ = {isa = PBXBuildFile; fileRef = 7978F85D2B512543005D3880 /* StaticPlaylistPage.swift */; };
		7978F8602B51254C005D3880 /* StaticArtistPage.swift in Sources */ = {isa = PBXBuildFile; fileRef = 7978F85F2B51254C005D3880 /* StaticArtistPage.swift */; };
		79C8D5B92B6C2FC4006A8359 /* String+.swift in Sources */ = {isa = PBXBuildFile; fileRef = 79C8D5B82B6C2FC4006A8359 /* String+.swift */; };
		79CC004C2B6ED363007E56A2 /* LocalCloneEditorPage.swift in Sources */ = {isa = PBXBuildFile; fileRef = 79CC004B2B6ED363007E56A2 /* LocalCloneEditorPage.swift */; };
		79D4DF7F2B6CC1B2009AB97A /* AsyncAlgorithms in Frameworks */ = {isa = PBXBuildFile; productRef = 79D4DF7E2B6CC1B2009AB97A /* AsyncAlgorithms */; };
		79D4DF812B6CCCFD009AB97A /* MusubiUser.swift in Sources */ = {isa = PBXBuildFile; fileRef = 79D4DF802B6CCCFD009AB97A /* MusubiUser.swift */; };
/* End PBXBuildFile section */

/* Begin PBXContainerItemProxy section */
		794733422B464333001C3FEB /* PBXContainerItemProxy */ = {
			isa = PBXContainerItemProxy;
			containerPortal = 794733292B464331001C3FEB /* Project object */;
			proxyType = 1;
			remoteGlobalIDString = 794733302B464331001C3FEB;
			remoteInfo = Musubi;
		};
		7947334C2B464333001C3FEB /* PBXContainerItemProxy */ = {
			isa = PBXContainerItemProxy;
			containerPortal = 794733292B464331001C3FEB /* Project object */;
			proxyType = 1;
			remoteGlobalIDString = 794733302B464331001C3FEB;
			remoteInfo = Musubi;
		};
/* End PBXContainerItemProxy section */

/* Begin PBXFileReference section */
		79223A102B6FFB630041E8E7 /* AddToSelectableLocalClonesSheet.swift */ = {isa = PBXFileReference; lastKnownFileType = sourcecode.swift; path = AddToSelectableLocalClonesSheet.swift; sourceTree = "<group>"; };
		79223A142B7085DD0041E8E7 /* CollectionDiffingWithMoves.swift */ = {isa = PBXFileReference; lastKnownFileType = sourcecode.swift; path = CollectionDiffingWithMoves.swift; sourceTree = "<group>"; };
		79223A1B2B71BD9F0041E8E7 /* CollectionDiffingWithMovesTests.swift */ = {isa = PBXFileReference; lastKnownFileType = sourcecode.swift; path = CollectionDiffingWithMovesTests.swift; sourceTree = "<group>"; };
		7930D46A2B65E90A00E8C426 /* MusubiCloud.swift */ = {isa = PBXFileReference; lastKnownFileType = sourcecode.swift; path = MusubiCloud.swift; sourceTree = "<group>"; };
		7930D46E2B6ACC1F00E8C426 /* LocalClonePage.swift */ = {isa = PBXFileReference; lastKnownFileType = sourcecode.swift; path = LocalClonePage.swift; sourceTree = "<group>"; };
		794733312B464331001C3FEB /* Musubi.app */ = {isa = PBXFileReference; explicitFileType = wrapper.application; includeInIndex = 0; path = Musubi.app; sourceTree = BUILT_PRODUCTS_DIR; };
		794733342B464331001C3FEB /* MusubiApp.swift */ = {isa = PBXFileReference; lastKnownFileType = sourcecode.swift; path = MusubiApp.swift; sourceTree = "<group>"; };
		794733382B464333001C3FEB /* Assets.xcassets */ = {isa = PBXFileReference; lastKnownFileType = folder.assetcatalog; path = Assets.xcassets; sourceTree = "<group>"; };
		7947333B2B464333001C3FEB /* Preview Assets.xcassets */ = {isa = PBXFileReference; lastKnownFileType = folder.assetcatalog; path = "Preview Assets.xcassets"; sourceTree = "<group>"; };
		794733412B464333001C3FEB /* MusubiTests.xctest */ = {isa = PBXFileReference; explicitFileType = wrapper.cfbundle; includeInIndex = 0; path = MusubiTests.xctest; sourceTree = BUILT_PRODUCTS_DIR; };
		794733452B464333001C3FEB /* MusubiTests.swift */ = {isa = PBXFileReference; lastKnownFileType = sourcecode.swift; path = MusubiTests.swift; sourceTree = "<group>"; };
		7947334B2B464333001C3FEB /* MusubiUITests.xctest */ = {isa = PBXFileReference; explicitFileType = wrapper.cfbundle; includeInIndex = 0; path = MusubiUITests.xctest; sourceTree = BUILT_PRODUCTS_DIR; };
		7947334F2B464333001C3FEB /* MusubiUITests.swift */ = {isa = PBXFileReference; lastKnownFileType = sourcecode.swift; path = MusubiUITests.swift; sourceTree = "<group>"; };
		794733512B464333001C3FEB /* MusubiUITestsLaunchTests.swift */ = {isa = PBXFileReference; lastKnownFileType = sourcecode.swift; path = MusubiUITestsLaunchTests.swift; sourceTree = "<group>"; };
		7947336A2B464E2B001C3FEB /* MusubiModel.swift */ = {isa = PBXFileReference; lastKnownFileType = sourcecode.swift; path = MusubiModel.swift; sourceTree = "<group>"; };
		7947336C2B46566F001C3FEB /* SpotifyViewModel.swift */ = {isa = PBXFileReference; lastKnownFileType = sourcecode.swift; path = SpotifyViewModel.swift; sourceTree = "<group>"; };
		7947336E2B46758F001C3FEB /* MusubiViewModel.swift */ = {isa = PBXFileReference; lastKnownFileType = sourcecode.swift; path = MusubiViewModel.swift; sourceTree = "<group>"; };
		794733712B469C01001C3FEB /* Cryptography.swift */ = {isa = PBXFileReference; lastKnownFileType = sourcecode.swift; path = Cryptography.swift; sourceTree = "<group>"; };
		794733772B469E11001C3FEB /* Storage.swift */ = {isa = PBXFileReference; lastKnownFileType = sourcecode.swift; path = Storage.swift; sourceTree = "<group>"; };
		7947337D2B4931F7001C3FEB /* NotSoSecretSecrets.swift */ = {isa = PBXFileReference; lastKnownFileType = sourcecode.swift; path = NotSoSecretSecrets.swift; sourceTree = "<group>"; };
		794733812B4A7D32001C3FEB /* LoginView.swift */ = {isa = PBXFileReference; lastKnownFileType = sourcecode.swift; path = LoginView.swift; sourceTree = "<group>"; };
		794733852B4B180E001C3FEB /* HomeView.swift */ = {isa = PBXFileReference; lastKnownFileType = sourcecode.swift; path = HomeView.swift; sourceTree = "<group>"; };
		7947338B2B4B7955001C3FEB /* SpotifyRequests.swift */ = {isa = PBXFileReference; lastKnownFileType = sourcecode.swift; path = SpotifyRequests.swift; sourceTree = "<group>"; };
		7947338D2B4BBF05001C3FEB /* MusubiUserManager.swift */ = {isa = PBXFileReference; lastKnownFileType = sourcecode.swift; path = MusubiUserManager.swift; sourceTree = "<group>"; };
		794733932B4CE08B001C3FEB /* LocalClonesTabRoot.swift */ = {isa = PBXFileReference; lastKnownFileType = sourcecode.swift; path = LocalClonesTabRoot.swift; sourceTree = "<group>"; };
		794733952B4CE1A7001C3FEB /* SearchTabRoot.swift */ = {isa = PBXFileReference; lastKnownFileType = sourcecode.swift; path = SearchTabRoot.swift; sourceTree = "<group>"; };
		794733972B4CE1AE001C3FEB /* AccountTabRoot.swift */ = {isa = PBXFileReference; lastKnownFileType = sourcecode.swift; path = AccountTabRoot.swift; sourceTree = "<group>"; };
		794733992B4CE922001C3FEB /* UI.swift */ = {isa = PBXFileReference; lastKnownFileType = sourcecode.swift; path = UI.swift; sourceTree = "<group>"; };
		794733A62B4D15BD001C3FEB /* AudioTrackListCell.swift */ = {isa = PBXFileReference; lastKnownFileType = sourcecode.swift; path = AudioTrackListCell.swift; sourceTree = "<group>"; };
		794733AB2B4E01E3001C3FEB /* ListCell.swift */ = {isa = PBXFileReference; lastKnownFileType = sourcecode.swift; path = ListCell.swift; sourceTree = "<group>"; };
		7961DA102B55ADDB00650775 /* UIColor+.swift */ = {isa = PBXFileReference; lastKnownFileType = sourcecode.swift; path = "UIColor+.swift"; sourceTree = "<group>"; };
		7961DA122B55ADE200650775 /* UIImage+.swift */ = {isa = PBXFileReference; lastKnownFileType = sourcecode.swift; path = "UIImage+.swift"; sourceTree = "<group>"; };
		7961DA162B56510B00650775 /* MusubiRepository.swift */ = {isa = PBXFileReference; lastKnownFileType = sourcecode.swift; path = MusubiRepository.swift; sourceTree = "<group>"; };
		7961DA1A2B5998CF00650775 /* StaticUserPage.swift */ = {isa = PBXFileReference; lastKnownFileType = sourcecode.swift; path = StaticUserPage.swift; sourceTree = "<group>"; };
		7961DA1D2B59ACEE00650775 /* RetryableAsyncImage.swift */ = {isa = PBXFileReference; lastKnownFileType = sourcecode.swift; path = RetryableAsyncImage.swift; sourceTree = "<group>"; };
		7961DA1F2B59B15000650775 /* SpotifyConstants.swift */ = {isa = PBXFileReference; lastKnownFileType = sourcecode.swift; path = SpotifyConstants.swift; sourceTree = "<group>"; };
		7978F8582B506080005D3880 /* AudioTrackListPage.swift */ = {isa = PBXFileReference; lastKnownFileType = sourcecode.swift; path = AudioTrackListPage.swift; sourceTree = "<group>"; };
		7978F85B2B51253C005D3880 /* StaticAlbumPage.swift */ = {isa = PBXFileReference; lastKnownFileType = sourcecode.swift; path = StaticAlbumPage.swift; sourceTree = "<group>"; };
		7978F85D2B512543005D3880 /* StaticPlaylistPage.swift */ = {isa = PBXFileReference; lastKnownFileType = sourcecode.swift; path = StaticPlaylistPage.swift; sourceTree = "<group>"; };
		7978F85F2B51254C005D3880 /* StaticArtistPage.swift */ = {isa = PBXFileReference; lastKnownFileType = sourcecode.swift; path = StaticArtistPage.swift; sourceTree = "<group>"; };
		79C8D5B82B6C2FC4006A8359 /* String+.swift */ = {isa = PBXFileReference; lastKnownFileType = sourcecode.swift; path = "String+.swift"; sourceTree = "<group>"; };
		79CC004B2B6ED363007E56A2 /* LocalCloneEditorPage.swift */ = {isa = PBXFileReference; lastKnownFileType = sourcecode.swift; path = LocalCloneEditorPage.swift; sourceTree = "<group>"; };
		79D4DF802B6CCCFD009AB97A /* MusubiUser.swift */ = {isa = PBXFileReference; lastKnownFileType = sourcecode.swift; path = MusubiUser.swift; sourceTree = "<group>"; };
/* End PBXFileReference section */

/* Begin PBXFrameworksBuildPhase section */
		7947332E2B464331001C3FEB /* Frameworks */ = {
			isa = PBXFrameworksBuildPhase;
			buildActionMask = 2147483647;
			files = (
				79D4DF7F2B6CC1B2009AB97A /* AsyncAlgorithms in Frameworks */,
			);
			runOnlyForDeploymentPostprocessing = 0;
		};
		7947333E2B464333001C3FEB /* Frameworks */ = {
			isa = PBXFrameworksBuildPhase;
			buildActionMask = 2147483647;
			files = (
			);
			runOnlyForDeploymentPostprocessing = 0;
		};
		794733482B464333001C3FEB /* Frameworks */ = {
			isa = PBXFrameworksBuildPhase;
			buildActionMask = 2147483647;
			files = (
			);
			runOnlyForDeploymentPostprocessing = 0;
		};
/* End PBXFrameworksBuildPhase section */

/* Begin PBXGroup section */
		79223A162B71BC040041E8E7 /* Util */ = {
			isa = PBXGroup;
			children = (
				79223A1B2B71BD9F0041E8E7 /* CollectionDiffingWithMovesTests.swift */,
			);
			path = Util;
			sourceTree = "<group>";
		};
		794733282B464331001C3FEB = {
			isa = PBXGroup;
			children = (
				794733332B464331001C3FEB /* Musubi */,
				794733442B464333001C3FEB /* MusubiTests */,
				7947334E2B464333001C3FEB /* MusubiUITests */,
				794733322B464331001C3FEB /* Products */,
			);
			sourceTree = "<group>";
		};
		794733322B464331001C3FEB /* Products */ = {
			isa = PBXGroup;
			children = (
				794733312B464331001C3FEB /* Musubi.app */,
				794733412B464333001C3FEB /* MusubiTests.xctest */,
				7947334B2B464333001C3FEB /* MusubiUITests.xctest */,
			);
			name = Products;
			sourceTree = "<group>";
		};
		794733332B464331001C3FEB /* Musubi */ = {
			isa = PBXGroup;
			children = (
				794733602B46450B001C3FEB /* Views */,
				794733702B468FFE001C3FEB /* Util */,
				794733342B464331001C3FEB /* MusubiApp.swift */,
				7961DA162B56510B00650775 /* MusubiRepository.swift */,
				7947336E2B46758F001C3FEB /* MusubiViewModel.swift */,
				7947336A2B464E2B001C3FEB /* MusubiModel.swift */,
				79D4DF802B6CCCFD009AB97A /* MusubiUser.swift */,
				7947338D2B4BBF05001C3FEB /* MusubiUserManager.swift */,
				7930D46A2B65E90A00E8C426 /* MusubiCloud.swift */,
				7947336C2B46566F001C3FEB /* SpotifyViewModel.swift */,
				7947338B2B4B7955001C3FEB /* SpotifyRequests.swift */,
				7961DA1F2B59B15000650775 /* SpotifyConstants.swift */,
				7947337D2B4931F7001C3FEB /* NotSoSecretSecrets.swift */,
				794733382B464333001C3FEB /* Assets.xcassets */,
				7947333A2B464333001C3FEB /* Preview Content */,
			);
			path = Musubi;
			sourceTree = "<group>";
		};
		7947333A2B464333001C3FEB /* Preview Content */ = {
			isa = PBXGroup;
			children = (
				7947333B2B464333001C3FEB /* Preview Assets.xcassets */,
			);
			path = "Preview Content";
			sourceTree = "<group>";
		};
		794733442B464333001C3FEB /* MusubiTests */ = {
			isa = PBXGroup;
			children = (
				79223A162B71BC040041E8E7 /* Util */,
				794733452B464333001C3FEB /* MusubiTests.swift */,
			);
			path = MusubiTests;
			sourceTree = "<group>";
		};
		7947334E2B464333001C3FEB /* MusubiUITests */ = {
			isa = PBXGroup;
			children = (
				7947334F2B464333001C3FEB /* MusubiUITests.swift */,
				794733512B464333001C3FEB /* MusubiUITestsLaunchTests.swift */,
			);
			path = MusubiUITests;
			sourceTree = "<group>";
		};
		794733602B46450B001C3FEB /* Views */ = {
			isa = PBXGroup;
			children = (
				794733A82B4DC2AB001C3FEB /* Elements */,
				7978F85A2B512526005D3880 /* StaticPages */,
				7961DA1C2B599A9600650775 /* RepositoryPages */,
				794733932B4CE08B001C3FEB /* LocalClonesTabRoot.swift */,
				794733952B4CE1A7001C3FEB /* SearchTabRoot.swift */,
				794733972B4CE1AE001C3FEB /* AccountTabRoot.swift */,
				794733852B4B180E001C3FEB /* HomeView.swift */,
				794733812B4A7D32001C3FEB /* LoginView.swift */,
			);
			path = Views;
			sourceTree = "<group>";
		};
		794733702B468FFE001C3FEB /* Util */ = {
			isa = PBXGroup;
			children = (
				79223A142B7085DD0041E8E7 /* CollectionDiffingWithMoves.swift */,
				794733712B469C01001C3FEB /* Cryptography.swift */,
				794733772B469E11001C3FEB /* Storage.swift */,
				794733992B4CE922001C3FEB /* UI.swift */,
				7961DA102B55ADDB00650775 /* UIColor+.swift */,
				7961DA122B55ADE200650775 /* UIImage+.swift */,
				79C8D5B82B6C2FC4006A8359 /* String+.swift */,
			);
			path = Util;
			sourceTree = "<group>";
		};
		794733A82B4DC2AB001C3FEB /* Elements */ = {
			isa = PBXGroup;
			children = (
				794733A62B4D15BD001C3FEB /* AudioTrackListCell.swift */,
				7978F8582B506080005D3880 /* AudioTrackListPage.swift */,
				794733AB2B4E01E3001C3FEB /* ListCell.swift */,
				7961DA1D2B59ACEE00650775 /* RetryableAsyncImage.swift */,
			);
			path = Elements;
			sourceTree = "<group>";
		};
		7961DA1C2B599A9600650775 /* RepositoryPages */ = {
			isa = PBXGroup;
			children = (
				7930D46E2B6ACC1F00E8C426 /* LocalClonePage.swift */,
				79CC004B2B6ED363007E56A2 /* LocalCloneEditorPage.swift */,
				79223A102B6FFB630041E8E7 /* AddToSelectableLocalClonesSheet.swift */,
			);
			path = RepositoryPages;
			sourceTree = "<group>";
		};
		7978F85A2B512526005D3880 /* StaticPages */ = {
			isa = PBXGroup;
			children = (
				7978F85B2B51253C005D3880 /* StaticAlbumPage.swift */,
				7978F85D2B512543005D3880 /* StaticPlaylistPage.swift */,
				7978F85F2B51254C005D3880 /* StaticArtistPage.swift */,
				7961DA1A2B5998CF00650775 /* StaticUserPage.swift */,
			);
			path = StaticPages;
			sourceTree = "<group>";
		};
/* End PBXGroup section */

/* Begin PBXNativeTarget section */
		794733302B464331001C3FEB /* Musubi */ = {
			isa = PBXNativeTarget;
			buildConfigurationList = 794733552B464333001C3FEB /* Build configuration list for PBXNativeTarget "Musubi" */;
			buildPhases = (
				7947332D2B464331001C3FEB /* Sources */,
				7947332E2B464331001C3FEB /* Frameworks */,
				7947332F2B464331001C3FEB /* Resources */,
			);
			buildRules = (
			);
			dependencies = (
			);
			name = Musubi;
			packageProductDependencies = (
				79D4DF7E2B6CC1B2009AB97A /* AsyncAlgorithms */,
			);
			productName = Musubi;
			productReference = 794733312B464331001C3FEB /* Musubi.app */;
			productType = "com.apple.product-type.application";
		};
		794733402B464333001C3FEB /* MusubiTests */ = {
			isa = PBXNativeTarget;
			buildConfigurationList = 794733582B464333001C3FEB /* Build configuration list for PBXNativeTarget "MusubiTests" */;
			buildPhases = (
				7947333D2B464333001C3FEB /* Sources */,
				7947333E2B464333001C3FEB /* Frameworks */,
				7947333F2B464333001C3FEB /* Resources */,
			);
			buildRules = (
			);
			dependencies = (
				794733432B464333001C3FEB /* PBXTargetDependency */,
			);
			name = MusubiTests;
			productName = MusubiTests;
			productReference = 794733412B464333001C3FEB /* MusubiTests.xctest */;
			productType = "com.apple.product-type.bundle.unit-test";
		};
		7947334A2B464333001C3FEB /* MusubiUITests */ = {
			isa = PBXNativeTarget;
			buildConfigurationList = 7947335B2B464333001C3FEB /* Build configuration list for PBXNativeTarget "MusubiUITests" */;
			buildPhases = (
				794733472B464333001C3FEB /* Sources */,
				794733482B464333001C3FEB /* Frameworks */,
				794733492B464333001C3FEB /* Resources */,
			);
			buildRules = (
			);
			dependencies = (
				7947334D2B464333001C3FEB /* PBXTargetDependency */,
			);
			name = MusubiUITests;
			productName = MusubiUITests;
			productReference = 7947334B2B464333001C3FEB /* MusubiUITests.xctest */;
			productType = "com.apple.product-type.bundle.ui-testing";
		};
/* End PBXNativeTarget section */

/* Begin PBXProject section */
		794733292B464331001C3FEB /* Project object */ = {
			isa = PBXProject;
			attributes = {
				BuildIndependentTargetsInParallel = 1;
				LastSwiftUpdateCheck = 1510;
				LastUpgradeCheck = 1510;
				TargetAttributes = {
					794733302B464331001C3FEB = {
						CreatedOnToolsVersion = 15.1;
					};
					794733402B464333001C3FEB = {
						CreatedOnToolsVersion = 15.1;
						TestTargetID = 794733302B464331001C3FEB;
					};
					7947334A2B464333001C3FEB = {
						CreatedOnToolsVersion = 15.1;
						TestTargetID = 794733302B464331001C3FEB;
					};
				};
			};
			buildConfigurationList = 7947332C2B464331001C3FEB /* Build configuration list for PBXProject "Musubi" */;
			compatibilityVersion = "Xcode 14.0";
			developmentRegion = en;
			hasScannedForEncodings = 0;
			knownRegions = (
				en,
				Base,
			);
			mainGroup = 794733282B464331001C3FEB;
			packageReferences = (
				7930D4722B6B6F8C00E8C426 /* XCRemoteSwiftPackageReference "swift-collections" */,
				79D4DF7D2B6CC1B2009AB97A /* XCRemoteSwiftPackageReference "swift-async-algorithms" */,
			);
			productRefGroup = 794733322B464331001C3FEB /* Products */;
			projectDirPath = "";
			projectRoot = "";
			targets = (
				794733302B464331001C3FEB /* Musubi */,
				794733402B464333001C3FEB /* MusubiTests */,
				7947334A2B464333001C3FEB /* MusubiUITests */,
			);
		};
/* End PBXProject section */

/* Begin PBXResourcesBuildPhase section */
		7947332F2B464331001C3FEB /* Resources */ = {
			isa = PBXResourcesBuildPhase;
			buildActionMask = 2147483647;
			files = (
				7947333C2B464333001C3FEB /* Preview Assets.xcassets in Resources */,
				794733392B464333001C3FEB /* Assets.xcassets in Resources */,
			);
			runOnlyForDeploymentPostprocessing = 0;
		};
		7947333F2B464333001C3FEB /* Resources */ = {
			isa = PBXResourcesBuildPhase;
			buildActionMask = 2147483647;
			files = (
			);
			runOnlyForDeploymentPostprocessing = 0;
		};
		794733492B464333001C3FEB /* Resources */ = {
			isa = PBXResourcesBuildPhase;
			buildActionMask = 2147483647;
			files = (
			);
			runOnlyForDeploymentPostprocessing = 0;
		};
/* End PBXResourcesBuildPhase section */

/* Begin PBXSourcesBuildPhase section */
		7947332D2B464331001C3FEB /* Sources */ = {
			isa = PBXSourcesBuildPhase;
			buildActionMask = 2147483647;
			files = (
				7961DA1E2B59ACEE00650775 /* RetryableAsyncImage.swift in Sources */,
				7947336D2B46566F001C3FEB /* SpotifyViewModel.swift in Sources */,
				794733782B469E11001C3FEB /* Storage.swift in Sources */,
				7978F85E2B512543005D3880 /* StaticPlaylistPage.swift in Sources */,
				7947338C2B4B7955001C3FEB /* SpotifyRequests.swift in Sources */,
				7961DA132B55ADE200650775 /* UIImage+.swift in Sources */,
				79CC004C2B6ED363007E56A2 /* LocalCloneEditorPage.swift in Sources */,
				794733982B4CE1AE001C3FEB /* AccountTabRoot.swift in Sources */,
				7930D46F2B6ACC1F00E8C426 /* LocalClonePage.swift in Sources */,
				7947337E2B4931F7001C3FEB /* NotSoSecretSecrets.swift in Sources */,
				7947336F2B46758F001C3FEB /* MusubiViewModel.swift in Sources */,
				794733AC2B4E01E3001C3FEB /* ListCell.swift in Sources */,
				794733722B469C01001C3FEB /* Cryptography.swift in Sources */,
				7961DA1B2B5998CF00650775 /* StaticUserPage.swift in Sources */,
				794733942B4CE08B001C3FEB /* LocalClonesTabRoot.swift in Sources */,
				7947336B2B464E2B001C3FEB /* MusubiModel.swift in Sources */,
				7961DA112B55ADDB00650775 /* UIColor+.swift in Sources */,
				7978F85C2B51253C005D3880 /* StaticAlbumPage.swift in Sources */,
				7947338E2B4BBF05001C3FEB /* MusubiUserManager.swift in Sources */,
				79223A112B6FFB630041E8E7 /* AddToSelectableLocalClonesSheet.swift in Sources */,
				7947339A2B4CE922001C3FEB /* UI.swift in Sources */,
				7978F8602B51254C005D3880 /* StaticArtistPage.swift in Sources */,
				7961DA202B59B15000650775 /* SpotifyConstants.swift in Sources */,
				7930D46B2B65E90A00E8C426 /* MusubiCloud.swift in Sources */,
				794733822B4A7D32001C3FEB /* LoginView.swift in Sources */,
				79C8D5B92B6C2FC4006A8359 /* String+.swift in Sources */,
				794733962B4CE1A7001C3FEB /* SearchTabRoot.swift in Sources */,
				7978F8592B506080005D3880 /* AudioTrackListPage.swift in Sources */,
				794733A72B4D15BD001C3FEB /* AudioTrackListCell.swift in Sources */,
				794733862B4B180E001C3FEB /* HomeView.swift in Sources */,
				7961DA172B56510B00650775 /* MusubiRepository.swift in Sources */,
				794733352B464331001C3FEB /* MusubiApp.swift in Sources */,
				79223A152B7085DD0041E8E7 /* CollectionDiffingWithMoves.swift in Sources */,
				79D4DF812B6CCCFD009AB97A /* MusubiUser.swift in Sources */,
			);
			runOnlyForDeploymentPostprocessing = 0;
		};
		7947333D2B464333001C3FEB /* Sources */ = {
			isa = PBXSourcesBuildPhase;
			buildActionMask = 2147483647;
			files = (
				794733462B464333001C3FEB /* MusubiTests.swift in Sources */,
				79223A1C2B71BD9F0041E8E7 /* CollectionDiffingWithMovesTests.swift in Sources */,
			);
			runOnlyForDeploymentPostprocessing = 0;
		};
		794733472B464333001C3FEB /* Sources */ = {
			isa = PBXSourcesBuildPhase;
			buildActionMask = 2147483647;
			files = (
				794733502B464333001C3FEB /* MusubiUITests.swift in Sources */,
				794733522B464333001C3FEB /* MusubiUITestsLaunchTests.swift in Sources */,
			);
			runOnlyForDeploymentPostprocessing = 0;
		};
/* End PBXSourcesBuildPhase section */

/* Begin PBXTargetDependency section */
		794733432B464333001C3FEB /* PBXTargetDependency */ = {
			isa = PBXTargetDependency;
			target = 794733302B464331001C3FEB /* Musubi */;
			targetProxy = 794733422B464333001C3FEB /* PBXContainerItemProxy */;
		};
		7947334D2B464333001C3FEB /* PBXTargetDependency */ = {
			isa = PBXTargetDependency;
			target = 794733302B464331001C3FEB /* Musubi */;
			targetProxy = 7947334C2B464333001C3FEB /* PBXContainerItemProxy */;
		};
/* End PBXTargetDependency section */

/* Begin XCBuildConfiguration section */
		794733532B464333001C3FEB /* Debug */ = {
			isa = XCBuildConfiguration;
			buildSettings = {
				ALWAYS_SEARCH_USER_PATHS = NO;
				ASSETCATALOG_COMPILER_GENERATE_SWIFT_ASSET_SYMBOL_EXTENSIONS = YES;
				CLANG_ANALYZER_NONNULL = YES;
				CLANG_ANALYZER_NUMBER_OBJECT_CONVERSION = YES_AGGRESSIVE;
				CLANG_CXX_LANGUAGE_STANDARD = "gnu++20";
				CLANG_ENABLE_MODULES = YES;
				CLANG_ENABLE_OBJC_ARC = YES;
				CLANG_ENABLE_OBJC_WEAK = YES;
				CLANG_WARN_BLOCK_CAPTURE_AUTORELEASING = YES;
				CLANG_WARN_BOOL_CONVERSION = YES;
				CLANG_WARN_COMMA = YES;
				CLANG_WARN_CONSTANT_CONVERSION = YES;
				CLANG_WARN_DEPRECATED_OBJC_IMPLEMENTATIONS = YES;
				CLANG_WARN_DIRECT_OBJC_ISA_USAGE = YES_ERROR;
				CLANG_WARN_DOCUMENTATION_COMMENTS = YES;
				CLANG_WARN_EMPTY_BODY = YES;
				CLANG_WARN_ENUM_CONVERSION = YES;
				CLANG_WARN_INFINITE_RECURSION = YES;
				CLANG_WARN_INT_CONVERSION = YES;
				CLANG_WARN_NON_LITERAL_NULL_CONVERSION = YES;
				CLANG_WARN_OBJC_IMPLICIT_RETAIN_SELF = YES;
				CLANG_WARN_OBJC_LITERAL_CONVERSION = YES;
				CLANG_WARN_OBJC_ROOT_CLASS = YES_ERROR;
				CLANG_WARN_QUOTED_INCLUDE_IN_FRAMEWORK_HEADER = YES;
				CLANG_WARN_RANGE_LOOP_ANALYSIS = YES;
				CLANG_WARN_STRICT_PROTOTYPES = YES;
				CLANG_WARN_SUSPICIOUS_MOVE = YES;
				CLANG_WARN_UNGUARDED_AVAILABILITY = YES_AGGRESSIVE;
				CLANG_WARN_UNREACHABLE_CODE = YES;
				CLANG_WARN__DUPLICATE_METHOD_MATCH = YES;
				COPY_PHASE_STRIP = NO;
				DEBUG_INFORMATION_FORMAT = dwarf;
				ENABLE_STRICT_OBJC_MSGSEND = YES;
				ENABLE_TESTABILITY = YES;
				ENABLE_USER_SCRIPT_SANDBOXING = YES;
				GCC_C_LANGUAGE_STANDARD = gnu17;
				GCC_DYNAMIC_NO_PIC = NO;
				GCC_NO_COMMON_BLOCKS = YES;
				GCC_OPTIMIZATION_LEVEL = 0;
				GCC_PREPROCESSOR_DEFINITIONS = (
					"DEBUG=1",
					"$(inherited)",
				);
				GCC_WARN_64_TO_32_BIT_CONVERSION = YES;
				GCC_WARN_ABOUT_RETURN_TYPE = YES_ERROR;
				GCC_WARN_UNDECLARED_SELECTOR = YES;
				GCC_WARN_UNINITIALIZED_AUTOS = YES_AGGRESSIVE;
				GCC_WARN_UNUSED_FUNCTION = YES;
				GCC_WARN_UNUSED_VARIABLE = YES;
				IPHONEOS_DEPLOYMENT_TARGET = 17.2;
				LOCALIZATION_PREFERS_STRING_CATALOGS = YES;
				MTL_ENABLE_DEBUG_INFO = INCLUDE_SOURCE;
				MTL_FAST_MATH = YES;
				ONLY_ACTIVE_ARCH = YES;
				SDKROOT = iphoneos;
				SWIFT_ACTIVE_COMPILATION_CONDITIONS = "DEBUG $(inherited)";
				SWIFT_OPTIMIZATION_LEVEL = "-Onone";
			};
			name = Debug;
		};
		794733542B464333001C3FEB /* Release */ = {
			isa = XCBuildConfiguration;
			buildSettings = {
				ALWAYS_SEARCH_USER_PATHS = NO;
				ASSETCATALOG_COMPILER_GENERATE_SWIFT_ASSET_SYMBOL_EXTENSIONS = YES;
				CLANG_ANALYZER_NONNULL = YES;
				CLANG_ANALYZER_NUMBER_OBJECT_CONVERSION = YES_AGGRESSIVE;
				CLANG_CXX_LANGUAGE_STANDARD = "gnu++20";
				CLANG_ENABLE_MODULES = YES;
				CLANG_ENABLE_OBJC_ARC = YES;
				CLANG_ENABLE_OBJC_WEAK = YES;
				CLANG_WARN_BLOCK_CAPTURE_AUTORELEASING = YES;
				CLANG_WARN_BOOL_CONVERSION = YES;
				CLANG_WARN_COMMA = YES;
				CLANG_WARN_CONSTANT_CONVERSION = YES;
				CLANG_WARN_DEPRECATED_OBJC_IMPLEMENTATIONS = YES;
				CLANG_WARN_DIRECT_OBJC_ISA_USAGE = YES_ERROR;
				CLANG_WARN_DOCUMENTATION_COMMENTS = YES;
				CLANG_WARN_EMPTY_BODY = YES;
				CLANG_WARN_ENUM_CONVERSION = YES;
				CLANG_WARN_INFINITE_RECURSION = YES;
				CLANG_WARN_INT_CONVERSION = YES;
				CLANG_WARN_NON_LITERAL_NULL_CONVERSION = YES;
				CLANG_WARN_OBJC_IMPLICIT_RETAIN_SELF = YES;
				CLANG_WARN_OBJC_LITERAL_CONVERSION = YES;
				CLANG_WARN_OBJC_ROOT_CLASS = YES_ERROR;
				CLANG_WARN_QUOTED_INCLUDE_IN_FRAMEWORK_HEADER = YES;
				CLANG_WARN_RANGE_LOOP_ANALYSIS = YES;
				CLANG_WARN_STRICT_PROTOTYPES = YES;
				CLANG_WARN_SUSPICIOUS_MOVE = YES;
				CLANG_WARN_UNGUARDED_AVAILABILITY = YES_AGGRESSIVE;
				CLANG_WARN_UNREACHABLE_CODE = YES;
				CLANG_WARN__DUPLICATE_METHOD_MATCH = YES;
				COPY_PHASE_STRIP = NO;
				DEBUG_INFORMATION_FORMAT = "dwarf-with-dsym";
				ENABLE_NS_ASSERTIONS = NO;
				ENABLE_STRICT_OBJC_MSGSEND = YES;
				ENABLE_USER_SCRIPT_SANDBOXING = YES;
				GCC_C_LANGUAGE_STANDARD = gnu17;
				GCC_NO_COMMON_BLOCKS = YES;
				GCC_WARN_64_TO_32_BIT_CONVERSION = YES;
				GCC_WARN_ABOUT_RETURN_TYPE = YES_ERROR;
				GCC_WARN_UNDECLARED_SELECTOR = YES;
				GCC_WARN_UNINITIALIZED_AUTOS = YES_AGGRESSIVE;
				GCC_WARN_UNUSED_FUNCTION = YES;
				GCC_WARN_UNUSED_VARIABLE = YES;
				IPHONEOS_DEPLOYMENT_TARGET = 17.2;
				LOCALIZATION_PREFERS_STRING_CATALOGS = YES;
				MTL_ENABLE_DEBUG_INFO = NO;
				MTL_FAST_MATH = YES;
				SDKROOT = iphoneos;
				SWIFT_COMPILATION_MODE = wholemodule;
				VALIDATE_PRODUCT = YES;
			};
			name = Release;
		};
		794733562B464333001C3FEB /* Debug */ = {
			isa = XCBuildConfiguration;
			buildSettings = {
				ASSETCATALOG_COMPILER_APPICON_NAME = AppIcon;
				ASSETCATALOG_COMPILER_GLOBAL_ACCENT_COLOR_NAME = AccentColor;
				CODE_SIGN_STYLE = Automatic;
				CURRENT_PROJECT_VERSION = 1;
				DEVELOPMENT_ASSET_PATHS = "\"Musubi/Preview Content\"";
				DEVELOPMENT_TEAM = 7763V93L7Z;
				ENABLE_PREVIEWS = YES;
				GENERATE_INFOPLIST_FILE = YES;
				INFOPLIST_KEY_UIApplicationSceneManifest_Generation = YES;
				INFOPLIST_KEY_UIApplicationSupportsIndirectInputEvents = YES;
				INFOPLIST_KEY_UILaunchScreen_Generation = YES;
				INFOPLIST_KEY_UISupportedInterfaceOrientations = UIInterfaceOrientationPortrait;
				IPHONEOS_DEPLOYMENT_TARGET = 17.1;
				LD_RUNPATH_SEARCH_PATHS = (
					"$(inherited)",
					"@executable_path/Frameworks",
				);
				MARKETING_VERSION = 1.0;
				PRODUCT_BUNDLE_IDENTIFIER = com.springwellmusic.Musubi;
				PRODUCT_NAME = "$(TARGET_NAME)";
				SWIFT_EMIT_LOC_STRINGS = YES;
				SWIFT_VERSION = 5.0;
				TARGETED_DEVICE_FAMILY = "1,2";
			};
			name = Debug;
		};
		794733572B464333001C3FEB /* Release */ = {
			isa = XCBuildConfiguration;
			buildSettings = {
				ASSETCATALOG_COMPILER_APPICON_NAME = AppIcon;
				ASSETCATALOG_COMPILER_GLOBAL_ACCENT_COLOR_NAME = AccentColor;
				CODE_SIGN_STYLE = Automatic;
				CURRENT_PROJECT_VERSION = 1;
				DEVELOPMENT_ASSET_PATHS = "\"Musubi/Preview Content\"";
				DEVELOPMENT_TEAM = 7763V93L7Z;
				ENABLE_PREVIEWS = YES;
				GENERATE_INFOPLIST_FILE = YES;
				INFOPLIST_KEY_UIApplicationSceneManifest_Generation = YES;
				INFOPLIST_KEY_UIApplicationSupportsIndirectInputEvents = YES;
				INFOPLIST_KEY_UILaunchScreen_Generation = YES;
				INFOPLIST_KEY_UISupportedInterfaceOrientations = UIInterfaceOrientationPortrait;
				IPHONEOS_DEPLOYMENT_TARGET = 17.1;
				LD_RUNPATH_SEARCH_PATHS = (
					"$(inherited)",
					"@executable_path/Frameworks",
				);
				MARKETING_VERSION = 1.0;
				PRODUCT_BUNDLE_IDENTIFIER = com.springwellmusic.Musubi;
				PRODUCT_NAME = "$(TARGET_NAME)";
				SWIFT_EMIT_LOC_STRINGS = YES;
				SWIFT_VERSION = 5.0;
				TARGETED_DEVICE_FAMILY = "1,2";
			};
			name = Release;
		};
		794733592B464333001C3FEB /* Debug */ = {
			isa = XCBuildConfiguration;
			buildSettings = {
				ALWAYS_EMBED_SWIFT_STANDARD_LIBRARIES = YES;
				BUNDLE_LOADER = "$(TEST_HOST)";
				CODE_SIGN_STYLE = Automatic;
				CURRENT_PROJECT_VERSION = 1;
				DEVELOPMENT_TEAM = 7763V93L7Z;
				GENERATE_INFOPLIST_FILE = YES;
				IPHONEOS_DEPLOYMENT_TARGET = 17.2;
				MARKETING_VERSION = 1.0;
				PRODUCT_BUNDLE_IDENTIFIER = com.springwell.MusubiTests;
				PRODUCT_NAME = "$(TARGET_NAME)";
				SWIFT_EMIT_LOC_STRINGS = NO;
				SWIFT_VERSION = 5.0;
				TARGETED_DEVICE_FAMILY = "1,2";
				TEST_HOST = "$(BUILT_PRODUCTS_DIR)/Musubi.app/$(BUNDLE_EXECUTABLE_FOLDER_PATH)/Musubi";
			};
			name = Debug;
		};
		7947335A2B464333001C3FEB /* Release */ = {
			isa = XCBuildConfiguration;
			buildSettings = {
				ALWAYS_EMBED_SWIFT_STANDARD_LIBRARIES = YES;
				BUNDLE_LOADER = "$(TEST_HOST)";
				CODE_SIGN_STYLE = Automatic;
				CURRENT_PROJECT_VERSION = 1;
				DEVELOPMENT_TEAM = 7763V93L7Z;
				GENERATE_INFOPLIST_FILE = YES;
				IPHONEOS_DEPLOYMENT_TARGET = 17.2;
				MARKETING_VERSION = 1.0;
				PRODUCT_BUNDLE_IDENTIFIER = com.springwell.MusubiTests;
				PRODUCT_NAME = "$(TARGET_NAME)";
				SWIFT_EMIT_LOC_STRINGS = NO;
				SWIFT_VERSION = 5.0;
				TARGETED_DEVICE_FAMILY = "1,2";
				TEST_HOST = "$(BUILT_PRODUCTS_DIR)/Musubi.app/$(BUNDLE_EXECUTABLE_FOLDER_PATH)/Musubi";
			};
			name = Release;
		};
		7947335C2B464333001C3FEB /* Debug */ = {
			isa = XCBuildConfiguration;
			buildSettings = {
				ALWAYS_EMBED_SWIFT_STANDARD_LIBRARIES = YES;
				CODE_SIGN_STYLE = Automatic;
				CURRENT_PROJECT_VERSION = 1;
				DEVELOPMENT_TEAM = 7763V93L7Z;
				GENERATE_INFOPLIST_FILE = YES;
				MARKETING_VERSION = 1.0;
				PRODUCT_BUNDLE_IDENTIFIER = com.springwell.MusubiUITests;
				PRODUCT_NAME = "$(TARGET_NAME)";
				SWIFT_EMIT_LOC_STRINGS = NO;
				SWIFT_VERSION = 5.0;
				TARGETED_DEVICE_FAMILY = "1,2";
				TEST_TARGET_NAME = Musubi;
			};
			name = Debug;
		};
		7947335D2B464333001C3FEB /* Release */ = {
			isa = XCBuildConfiguration;
			buildSettings = {
				ALWAYS_EMBED_SWIFT_STANDARD_LIBRARIES = YES;
				CODE_SIGN_STYLE = Automatic;
				CURRENT_PROJECT_VERSION = 1;
				DEVELOPMENT_TEAM = 7763V93L7Z;
				GENERATE_INFOPLIST_FILE = YES;
				MARKETING_VERSION = 1.0;
				PRODUCT_BUNDLE_IDENTIFIER = com.springwell.MusubiUITests;
				PRODUCT_NAME = "$(TARGET_NAME)";
				SWIFT_EMIT_LOC_STRINGS = NO;
				SWIFT_VERSION = 5.0;
				TARGETED_DEVICE_FAMILY = "1,2";
				TEST_TARGET_NAME = Musubi;
			};
			name = Release;
		};
/* End XCBuildConfiguration section */

/* Begin XCConfigurationList section */
		7947332C2B464331001C3FEB /* Build configuration list for PBXProject "Musubi" */ = {
			isa = XCConfigurationList;
			buildConfigurations = (
				794733532B464333001C3FEB /* Debug */,
				794733542B464333001C3FEB /* Release */,
			);
			defaultConfigurationIsVisible = 0;
			defaultConfigurationName = Release;
		};
		794733552B464333001C3FEB /* Build configuration list for PBXNativeTarget "Musubi" */ = {
			isa = XCConfigurationList;
			buildConfigurations = (
				794733562B464333001C3FEB /* Debug */,
				794733572B464333001C3FEB /* Release */,
			);
			defaultConfigurationIsVisible = 0;
			defaultConfigurationName = Release;
		};
		794733582B464333001C3FEB /* Build configuration list for PBXNativeTarget "MusubiTests" */ = {
			isa = XCConfigurationList;
			buildConfigurations = (
				794733592B464333001C3FEB /* Debug */,
				7947335A2B464333001C3FEB /* Release */,
			);
			defaultConfigurationIsVisible = 0;
			defaultConfigurationName = Release;
		};
		7947335B2B464333001C3FEB /* Build configuration list for PBXNativeTarget "MusubiUITests" */ = {
			isa = XCConfigurationList;
			buildConfigurations = (
				7947335C2B464333001C3FEB /* Debug */,
				7947335D2B464333001C3FEB /* Release */,
			);
			defaultConfigurationIsVisible = 0;
			defaultConfigurationName = Release;
		};
/* End XCConfigurationList section */

/* Begin XCRemoteSwiftPackageReference section */
		7930D4722B6B6F8C00E8C426 /* XCRemoteSwiftPackageReference "swift-collections" */ = {
			isa = XCRemoteSwiftPackageReference;
			repositoryURL = "https://github.com/apple/swift-collections.git";
			requirement = {
				kind = upToNextMajorVersion;
				minimumVersion = 1.0.6;
			};
		};
		79D4DF7D2B6CC1B2009AB97A /* XCRemoteSwiftPackageReference "swift-async-algorithms" */ = {
			isa = XCRemoteSwiftPackageReference;
			repositoryURL = "https://github.com/apple/swift-async-algorithms.git";
			requirement = {
				kind = upToNextMajorVersion;
				minimumVersion = 1.0.0;
			};
		};
/* End XCRemoteSwiftPackageReference section */

/* Begin XCSwiftPackageProductDependency section */
		79D4DF7E2B6CC1B2009AB97A /* AsyncAlgorithms */ = {
			isa = XCSwiftPackageProductDependency;
			package = 79D4DF7D2B6CC1B2009AB97A /* XCRemoteSwiftPackageReference "swift-async-algorithms" */;
			productName = AsyncAlgorithms;
		};
/* End XCSwiftPackageProductDependency section */
	};
	rootObject = 794733292B464331001C3FEB /* Project object */;
}
